
Microsoft Visual Studio Solution File, Format Version 12.00
# Visual Studio 14
VisualStudioVersion = 14.0.24720.0
MinimumVisualStudioVersion = 10.0.40219.1
Project("{2150E333-8FDC-42A3-9474-1A3956D46DE8}") = "Adapter", "Adapter", "{C27F3CF5-5838-4CA8-9E12-4FA62C82C206}"
EndProject
Project("{8BC9CEB8-8B4A-11D0-8D11-00A0C91BC942}") = "HeadedAdapterApp", "HeadedAdapterApp\HeadedAdapterApp.vcxproj", "{56824402-BEAC-47D0-9FCE-60C17B843863}"
EndProject
Project("{8BC9CEB8-8B4A-11D0-8D11-00A0C91BC942}") = "AdapterLib", "AdapterLib\AdapterLib.vcxproj", "{8D539C08-EA54-475F-B691-7BD8B8B67956}"
EndProject
Project("{8BC9CEB8-8B4A-11D0-8D11-00A0C91BC942}") = "HeadlessAdapterApp", "HeadlessAdapterApp\HeadlessAdapterApp.vcxproj", "{FF83E5D3-4F9D-47ED-82B6-B1FD087CDBCA}"
EndProject
Project("{2150E333-8FDC-42A3-9474-1A3956D46DE8}") = "Platform", "Platform", "{92741828-AA3F-46F0-B531-4897836D2282}"
EndProject
Project("{8BC9CEB8-8B4A-11D0-8D11-00A0C91BC942}") = "BridgeRT", "..\..\Platform\BridgeRT\BridgeRT.vcxproj", "{2783A617-8E1D-40D1-9684-DFAEB8DD5406}"
EndProject
Project("{2150E333-8FDC-42A3-9474-1A3956D46DE8}") = "OICStack", "OICStack", "{AF449E3C-B724-44DD-BFE0-91DD891CBCCE}"
EndProject
Project("{8BC9CEB8-8B4A-11D0-8D11-00A0C91BC942}") = "c_common", "OICStackRuntime\c_common\c_common.vcxproj", "{BA77B946-F882-44B7-AC89-0AE31146A164}"
EndProject
Project("{8BC9CEB8-8B4A-11D0-8D11-00A0C91BC942}") = "connectivity_abstraction", "OICStackRuntime\connectivity_abstraction\connectivity_abstraction.vcxproj", "{7F6B1DE4-C2F4-426C-90E5-6FB48C318D24}"
EndProject
Project("{8BC9CEB8-8B4A-11D0-8D11-00A0C91BC942}") = "libcoap", "OICStackRuntime\libcoap\libcoap.vcxproj", "{B116AF5C-BA60-4727-A627-9B2E3FD2CD0E}"
EndProject
Project("{8BC9CEB8-8B4A-11D0-8D11-00A0C91BC942}") = "libocsrm", "OICStackRuntime\libocsrm\libocsrm.vcxproj", "{173346A7-C0E7-4B5C-95D9-9831B92AA9EE}"
EndProject
Project("{8BC9CEB8-8B4A-11D0-8D11-00A0C91BC942}") = "liboctbstack", "OICStackRuntime\liboctbstack\liboctbstack.vcxproj", "{4EA72BCA-A7CB-4D42-887E-4F95F5E0C98F}"
EndProject
Project("{8BC9CEB8-8B4A-11D0-8D11-00A0C91BC942}") = "tinycbor", "OICStackRuntime\tinycbor\tinycbor.vcxproj", "{C57DA486-2279-4048-A6B5-4E2F7BCFD7A1}"
EndProject
Project("{8BC9CEB8-8B4A-11D0-8D11-00A0C91BC942}") = "BackgroundHost.Headless", "..\..\Platform\BackgroundHost\BackgroundHost.Headless\BackgroundHost.Headless.vcxproj", "{14882A0F-8926-4837-8E25-06D3F58B1DF8}"
EndProject
Project("{8BC9CEB8-8B4A-11D0-8D11-00A0C91BC942}") = "BackgroundHost.Headed", "..\..\Platform\BackgroundHost\BackgroundHost.Headed\BackgroundHost.Headed.vcxproj", "{0184C325-C1DF-4305-B202-324CB0413377}"
EndProject
Project("{8BC9CEB8-8B4A-11D0-8D11-00A0C91BC942}") = "BackgroundHost", "..\..\Platform\BackgroundHost\BackgroundHost\BackgroundHost.vcxproj", "{98B5350D-3B67-4109-9CD5-1A675295C461}"
EndProject
Global
	GlobalSection(SolutionConfigurationPlatforms) = preSolution
		Debug|ARM = Debug|ARM
		Debug|x64 = Debug|x64
		Debug|x86 = Debug|x86
		Release|ARM = Release|ARM
		Release|x64 = Release|x64
		Release|x86 = Release|x86
	EndGlobalSection
	GlobalSection(ProjectConfigurationPlatforms) = postSolution
		{56824402-BEAC-47D0-9FCE-60C17B843863}.Debug|ARM.ActiveCfg = Debug|ARM
		{56824402-BEAC-47D0-9FCE-60C17B843863}.Debug|ARM.Build.0 = Debug|ARM
		{56824402-BEAC-47D0-9FCE-60C17B843863}.Debug|ARM.Deploy.0 = Debug|ARM
		{56824402-BEAC-47D0-9FCE-60C17B843863}.Debug|x64.ActiveCfg = Debug|x64
		{56824402-BEAC-47D0-9FCE-60C17B843863}.Debug|x64.Build.0 = Debug|x64
		{56824402-BEAC-47D0-9FCE-60C17B843863}.Debug|x64.Deploy.0 = Debug|x64
		{56824402-BEAC-47D0-9FCE-60C17B843863}.Debug|x86.ActiveCfg = Debug|Win32
		{56824402-BEAC-47D0-9FCE-60C17B843863}.Debug|x86.Build.0 = Debug|Win32
		{56824402-BEAC-47D0-9FCE-60C17B843863}.Debug|x86.Deploy.0 = Debug|Win32
		{56824402-BEAC-47D0-9FCE-60C17B843863}.Release|ARM.ActiveCfg = Release|ARM
		{56824402-BEAC-47D0-9FCE-60C17B843863}.Release|ARM.Build.0 = Release|ARM
		{56824402-BEAC-47D0-9FCE-60C17B843863}.Release|ARM.Deploy.0 = Release|ARM
		{56824402-BEAC-47D0-9FCE-60C17B843863}.Release|x64.ActiveCfg = Release|x64
		{56824402-BEAC-47D0-9FCE-60C17B843863}.Release|x64.Build.0 = Release|x64
		{56824402-BEAC-47D0-9FCE-60C17B843863}.Release|x64.Deploy.0 = Release|x64
		{56824402-BEAC-47D0-9FCE-60C17B843863}.Release|x86.ActiveCfg = Release|Win32
		{56824402-BEAC-47D0-9FCE-60C17B843863}.Release|x86.Build.0 = Release|Win32
		{56824402-BEAC-47D0-9FCE-60C17B843863}.Release|x86.Deploy.0 = Release|Win32
		{8D539C08-EA54-475F-B691-7BD8B8B67956}.Debug|ARM.ActiveCfg = Debug|ARM
		{8D539C08-EA54-475F-B691-7BD8B8B67956}.Debug|ARM.Build.0 = Debug|ARM
		{8D539C08-EA54-475F-B691-7BD8B8B67956}.Debug|x64.ActiveCfg = Debug|x64
		{8D539C08-EA54-475F-B691-7BD8B8B67956}.Debug|x64.Build.0 = Debug|x64
		{8D539C08-EA54-475F-B691-7BD8B8B67956}.Debug|x86.ActiveCfg = Debug|Win32
		{8D539C08-EA54-475F-B691-7BD8B8B67956}.Debug|x86.Build.0 = Debug|Win32
		{8D539C08-EA54-475F-B691-7BD8B8B67956}.Release|ARM.ActiveCfg = Release|ARM
		{8D539C08-EA54-475F-B691-7BD8B8B67956}.Release|ARM.Build.0 = Release|ARM
		{8D539C08-EA54-475F-B691-7BD8B8B67956}.Release|x64.ActiveCfg = Release|x64
		{8D539C08-EA54-475F-B691-7BD8B8B67956}.Release|x64.Build.0 = Release|x64
		{8D539C08-EA54-475F-B691-7BD8B8B67956}.Release|x86.ActiveCfg = Release|Win32
		{8D539C08-EA54-475F-B691-7BD8B8B67956}.Release|x86.Build.0 = Release|Win32
		{FF83E5D3-4F9D-47ED-82B6-B1FD087CDBCA}.Debug|ARM.ActiveCfg = Debug|ARM
		{FF83E5D3-4F9D-47ED-82B6-B1FD087CDBCA}.Debug|ARM.Build.0 = Debug|ARM
		{FF83E5D3-4F9D-47ED-82B6-B1FD087CDBCA}.Debug|ARM.Deploy.0 = Debug|ARM
		{FF83E5D3-4F9D-47ED-82B6-B1FD087CDBCA}.Debug|x64.ActiveCfg = Debug|x64
		{FF83E5D3-4F9D-47ED-82B6-B1FD087CDBCA}.Debug|x64.Build.0 = Debug|x64
		{FF83E5D3-4F9D-47ED-82B6-B1FD087CDBCA}.Debug|x64.Deploy.0 = Debug|x64
		{FF83E5D3-4F9D-47ED-82B6-B1FD087CDBCA}.Debug|x86.ActiveCfg = Debug|Win32
		{FF83E5D3-4F9D-47ED-82B6-B1FD087CDBCA}.Debug|x86.Build.0 = Debug|Win32
		{FF83E5D3-4F9D-47ED-82B6-B1FD087CDBCA}.Debug|x86.Deploy.0 = Debug|Win32
		{FF83E5D3-4F9D-47ED-82B6-B1FD087CDBCA}.Release|ARM.ActiveCfg = Release|ARM
		{FF83E5D3-4F9D-47ED-82B6-B1FD087CDBCA}.Release|ARM.Build.0 = Release|ARM
		{FF83E5D3-4F9D-47ED-82B6-B1FD087CDBCA}.Release|ARM.Deploy.0 = Release|ARM
		{FF83E5D3-4F9D-47ED-82B6-B1FD087CDBCA}.Release|x64.ActiveCfg = Release|x64
		{FF83E5D3-4F9D-47ED-82B6-B1FD087CDBCA}.Release|x64.Build.0 = Release|x64
		{FF83E5D3-4F9D-47ED-82B6-B1FD087CDBCA}.Release|x64.Deploy.0 = Release|x64
		{FF83E5D3-4F9D-47ED-82B6-B1FD087CDBCA}.Release|x86.ActiveCfg = Release|Win32
		{FF83E5D3-4F9D-47ED-82B6-B1FD087CDBCA}.Release|x86.Build.0 = Release|Win32
		{FF83E5D3-4F9D-47ED-82B6-B1FD087CDBCA}.Release|x86.Deploy.0 = Release|Win32
		{2783A617-8E1D-40D1-9684-DFAEB8DD5406}.Debug|ARM.ActiveCfg = Debug|ARM
		{2783A617-8E1D-40D1-9684-DFAEB8DD5406}.Debug|ARM.Build.0 = Debug|ARM
		{2783A617-8E1D-40D1-9684-DFAEB8DD5406}.Debug|x64.ActiveCfg = Debug|x64
		{2783A617-8E1D-40D1-9684-DFAEB8DD5406}.Debug|x64.Build.0 = Debug|x64
		{2783A617-8E1D-40D1-9684-DFAEB8DD5406}.Debug|x86.ActiveCfg = Debug|Win32
		{2783A617-8E1D-40D1-9684-DFAEB8DD5406}.Debug|x86.Build.0 = Debug|Win32
		{2783A617-8E1D-40D1-9684-DFAEB8DD5406}.Release|ARM.ActiveCfg = Release|ARM
		{2783A617-8E1D-40D1-9684-DFAEB8DD5406}.Release|ARM.Build.0 = Release|ARM
		{2783A617-8E1D-40D1-9684-DFAEB8DD5406}.Release|x64.ActiveCfg = Release|x64
		{2783A617-8E1D-40D1-9684-DFAEB8DD5406}.Release|x64.Build.0 = Release|x64
		{2783A617-8E1D-40D1-9684-DFAEB8DD5406}.Release|x86.ActiveCfg = Release|Win32
		{2783A617-8E1D-40D1-9684-DFAEB8DD5406}.Release|x86.Build.0 = Release|Win32
		{BA77B946-F882-44B7-AC89-0AE31146A164}.Debug|ARM.ActiveCfg = Debug|ARM
		{BA77B946-F882-44B7-AC89-0AE31146A164}.Debug|ARM.Build.0 = Debug|ARM
		{BA77B946-F882-44B7-AC89-0AE31146A164}.Debug|x64.ActiveCfg = Debug|x64
		{BA77B946-F882-44B7-AC89-0AE31146A164}.Debug|x64.Build.0 = Debug|x64
		{BA77B946-F882-44B7-AC89-0AE31146A164}.Debug|x86.ActiveCfg = Debug|Win32
		{BA77B946-F882-44B7-AC89-0AE31146A164}.Debug|x86.Build.0 = Debug|Win32
		{BA77B946-F882-44B7-AC89-0AE31146A164}.Release|ARM.ActiveCfg = Release|ARM
		{BA77B946-F882-44B7-AC89-0AE31146A164}.Release|ARM.Build.0 = Release|ARM
		{BA77B946-F882-44B7-AC89-0AE31146A164}.Release|x64.ActiveCfg = Release|x64
		{BA77B946-F882-44B7-AC89-0AE31146A164}.Release|x64.Build.0 = Release|x64
		{BA77B946-F882-44B7-AC89-0AE31146A164}.Release|x86.ActiveCfg = Release|Win32
		{BA77B946-F882-44B7-AC89-0AE31146A164}.Release|x86.Build.0 = Release|Win32
		{7F6B1DE4-C2F4-426C-90E5-6FB48C318D24}.Debug|ARM.ActiveCfg = Debug|ARM
		{7F6B1DE4-C2F4-426C-90E5-6FB48C318D24}.Debug|ARM.Build.0 = Debug|ARM
		{7F6B1DE4-C2F4-426C-90E5-6FB48C318D24}.Debug|x64.ActiveCfg = Debug|x64
		{7F6B1DE4-C2F4-426C-90E5-6FB48C318D24}.Debug|x64.Build.0 = Debug|x64
		{7F6B1DE4-C2F4-426C-90E5-6FB48C318D24}.Debug|x86.ActiveCfg = Debug|Win32
		{7F6B1DE4-C2F4-426C-90E5-6FB48C318D24}.Debug|x86.Build.0 = Debug|Win32
		{7F6B1DE4-C2F4-426C-90E5-6FB48C318D24}.Release|ARM.ActiveCfg = Release|ARM
		{7F6B1DE4-C2F4-426C-90E5-6FB48C318D24}.Release|ARM.Build.0 = Release|ARM
		{7F6B1DE4-C2F4-426C-90E5-6FB48C318D24}.Release|x64.ActiveCfg = Release|x64
		{7F6B1DE4-C2F4-426C-90E5-6FB48C318D24}.Release|x64.Build.0 = Release|x64
		{7F6B1DE4-C2F4-426C-90E5-6FB48C318D24}.Release|x86.ActiveCfg = Release|Win32
		{7F6B1DE4-C2F4-426C-90E5-6FB48C318D24}.Release|x86.Build.0 = Release|Win32
		{B116AF5C-BA60-4727-A627-9B2E3FD2CD0E}.Debug|ARM.ActiveCfg = Debug|ARM
		{B116AF5C-BA60-4727-A627-9B2E3FD2CD0E}.Debug|ARM.Build.0 = Debug|ARM
		{B116AF5C-BA60-4727-A627-9B2E3FD2CD0E}.Debug|x64.ActiveCfg = Debug|x64
		{B116AF5C-BA60-4727-A627-9B2E3FD2CD0E}.Debug|x64.Build.0 = Debug|x64
		{B116AF5C-BA60-4727-A627-9B2E3FD2CD0E}.Debug|x86.ActiveCfg = Debug|Win32
		{B116AF5C-BA60-4727-A627-9B2E3FD2CD0E}.Debug|x86.Build.0 = Debug|Win32
		{B116AF5C-BA60-4727-A627-9B2E3FD2CD0E}.Release|ARM.ActiveCfg = Release|ARM
		{B116AF5C-BA60-4727-A627-9B2E3FD2CD0E}.Release|ARM.Build.0 = Release|ARM
		{B116AF5C-BA60-4727-A627-9B2E3FD2CD0E}.Release|x64.ActiveCfg = Release|x64
		{B116AF5C-BA60-4727-A627-9B2E3FD2CD0E}.Release|x64.Build.0 = Release|x64
		{B116AF5C-BA60-4727-A627-9B2E3FD2CD0E}.Release|x86.ActiveCfg = Release|Win32
		{B116AF5C-BA60-4727-A627-9B2E3FD2CD0E}.Release|x86.Build.0 = Release|Win32
		{173346A7-C0E7-4B5C-95D9-9831B92AA9EE}.Debug|ARM.ActiveCfg = Debug|ARM
		{173346A7-C0E7-4B5C-95D9-9831B92AA9EE}.Debug|ARM.Build.0 = Debug|ARM
		{173346A7-C0E7-4B5C-95D9-9831B92AA9EE}.Debug|x64.ActiveCfg = Debug|x64
		{173346A7-C0E7-4B5C-95D9-9831B92AA9EE}.Debug|x64.Build.0 = Debug|x64
		{173346A7-C0E7-4B5C-95D9-9831B92AA9EE}.Debug|x86.ActiveCfg = Debug|Win32
		{173346A7-C0E7-4B5C-95D9-9831B92AA9EE}.Debug|x86.Build.0 = Debug|Win32
		{173346A7-C0E7-4B5C-95D9-9831B92AA9EE}.Release|ARM.ActiveCfg = Release|ARM
		{173346A7-C0E7-4B5C-95D9-9831B92AA9EE}.Release|ARM.Build.0 = Release|ARM
		{173346A7-C0E7-4B5C-95D9-9831B92AA9EE}.Release|x64.ActiveCfg = Release|x64
		{173346A7-C0E7-4B5C-95D9-9831B92AA9EE}.Release|x64.Build.0 = Release|x64
		{173346A7-C0E7-4B5C-95D9-9831B92AA9EE}.Release|x86.ActiveCfg = Release|Win32
		{173346A7-C0E7-4B5C-95D9-9831B92AA9EE}.Release|x86.Build.0 = Release|Win32
		{4EA72BCA-A7CB-4D42-887E-4F95F5E0C98F}.Debug|ARM.ActiveCfg = Debug|ARM
		{4EA72BCA-A7CB-4D42-887E-4F95F5E0C98F}.Debug|ARM.Build.0 = Debug|ARM
		{4EA72BCA-A7CB-4D42-887E-4F95F5E0C98F}.Debug|x64.ActiveCfg = Debug|x64
		{4EA72BCA-A7CB-4D42-887E-4F95F5E0C98F}.Debug|x64.Build.0 = Debug|x64
		{4EA72BCA-A7CB-4D42-887E-4F95F5E0C98F}.Debug|x86.ActiveCfg = Debug|Win32
		{4EA72BCA-A7CB-4D42-887E-4F95F5E0C98F}.Debug|x86.Build.0 = Debug|Win32
		{4EA72BCA-A7CB-4D42-887E-4F95F5E0C98F}.Release|ARM.ActiveCfg = Release|ARM
		{4EA72BCA-A7CB-4D42-887E-4F95F5E0C98F}.Release|ARM.Build.0 = Release|ARM
		{4EA72BCA-A7CB-4D42-887E-4F95F5E0C98F}.Release|x64.ActiveCfg = Release|x64
		{4EA72BCA-A7CB-4D42-887E-4F95F5E0C98F}.Release|x64.Build.0 = Release|x64
		{4EA72BCA-A7CB-4D42-887E-4F95F5E0C98F}.Release|x86.ActiveCfg = Release|Win32
		{4EA72BCA-A7CB-4D42-887E-4F95F5E0C98F}.Release|x86.Build.0 = Release|Win32
		{C57DA486-2279-4048-A6B5-4E2F7BCFD7A1}.Debug|ARM.ActiveCfg = Debug|ARM
		{C57DA486-2279-4048-A6B5-4E2F7BCFD7A1}.Debug|ARM.Build.0 = Debug|ARM
		{C57DA486-2279-4048-A6B5-4E2F7BCFD7A1}.Debug|x64.ActiveCfg = Debug|x64
		{C57DA486-2279-4048-A6B5-4E2F7BCFD7A1}.Debug|x64.Build.0 = Debug|x64
		{C57DA486-2279-4048-A6B5-4E2F7BCFD7A1}.Debug|x86.ActiveCfg = Debug|Win32
		{C57DA486-2279-4048-A6B5-4E2F7BCFD7A1}.Debug|x86.Build.0 = Debug|Win32
		{C57DA486-2279-4048-A6B5-4E2F7BCFD7A1}.Release|ARM.ActiveCfg = Release|ARM
		{C57DA486-2279-4048-A6B5-4E2F7BCFD7A1}.Release|ARM.Build.0 = Release|ARM
		{C57DA486-2279-4048-A6B5-4E2F7BCFD7A1}.Release|x64.ActiveCfg = Release|x64
		{C57DA486-2279-4048-A6B5-4E2F7BCFD7A1}.Release|x64.Build.0 = Release|x64
		{C57DA486-2279-4048-A6B5-4E2F7BCFD7A1}.Release|x86.ActiveCfg = Release|Win32
		{C57DA486-2279-4048-A6B5-4E2F7BCFD7A1}.Release|x86.Build.0 = Release|Win32
		{14882A0F-8926-4837-8E25-06D3F58B1DF8}.Debug|ARM.ActiveCfg = Debug|ARM
		{14882A0F-8926-4837-8E25-06D3F58B1DF8}.Debug|ARM.Build.0 = Debug|ARM
		{14882A0F-8926-4837-8E25-06D3F58B1DF8}.Debug|x64.ActiveCfg = Debug|x64
		{14882A0F-8926-4837-8E25-06D3F58B1DF8}.Debug|x64.Build.0 = Debug|x64
		{14882A0F-8926-4837-8E25-06D3F58B1DF8}.Debug|x86.ActiveCfg = Debug|Win32
		{14882A0F-8926-4837-8E25-06D3F58B1DF8}.Debug|x86.Build.0 = Debug|Win32
		{14882A0F-8926-4837-8E25-06D3F58B1DF8}.Release|ARM.ActiveCfg = Release|ARM
		{14882A0F-8926-4837-8E25-06D3F58B1DF8}.Release|ARM.Build.0 = Release|ARM
		{14882A0F-8926-4837-8E25-06D3F58B1DF8}.Release|x64.ActiveCfg = Release|x64
		{14882A0F-8926-4837-8E25-06D3F58B1DF8}.Release|x64.Build.0 = Release|x64
		{14882A0F-8926-4837-8E25-06D3F58B1DF8}.Release|x86.ActiveCfg = Release|Win32
		{14882A0F-8926-4837-8E25-06D3F58B1DF8}.Release|x86.Build.0 = Release|Win32
		{0184C325-C1DF-4305-B202-324CB0413377}.Debug|ARM.ActiveCfg = Debug|ARM
		{0184C325-C1DF-4305-B202-324CB0413377}.Debug|ARM.Build.0 = Debug|ARM
		{0184C325-C1DF-4305-B202-324CB0413377}.Debug|x64.ActiveCfg = Debug|x64
		{0184C325-C1DF-4305-B202-324CB0413377}.Debug|x64.Build.0 = Debug|x64
		{0184C325-C1DF-4305-B202-324CB0413377}.Debug|x86.ActiveCfg = Debug|Win32
		{0184C325-C1DF-4305-B202-324CB0413377}.Debug|x86.Build.0 = Debug|Win32
		{0184C325-C1DF-4305-B202-324CB0413377}.Release|ARM.ActiveCfg = Release|ARM
		{0184C325-C1DF-4305-B202-324CB0413377}.Release|ARM.Build.0 = Release|ARM
		{0184C325-C1DF-4305-B202-324CB0413377}.Release|x64.ActiveCfg = Release|x64
		{0184C325-C1DF-4305-B202-324CB0413377}.Release|x64.Build.0 = Release|x64
		{0184C325-C1DF-4305-B202-324CB0413377}.Release|x86.ActiveCfg = Release|Win32
		{0184C325-C1DF-4305-B202-324CB0413377}.Release|x86.Build.0 = Release|Win32
		{98B5350D-3B67-4109-9CD5-1A675295C461}.Debug|ARM.ActiveCfg = Debug|ARM
		{98B5350D-3B67-4109-9CD5-1A675295C461}.Debug|ARM.Build.0 = Debug|ARM
		{98B5350D-3B67-4109-9CD5-1A675295C461}.Debug|x64.ActiveCfg = Debug|x64
		{98B5350D-3B67-4109-9CD5-1A675295C461}.Debug|x64.Build.0 = Debug|x64
		{98B5350D-3B67-4109-9CD5-1A675295C461}.Debug|x86.ActiveCfg = Debug|Win32
		{98B5350D-3B67-4109-9CD5-1A675295C461}.Debug|x86.Build.0 = Debug|Win32
		{98B5350D-3B67-4109-9CD5-1A675295C461}.Release|ARM.ActiveCfg = Release|ARM
		{98B5350D-3B67-4109-9CD5-1A675295C461}.Release|ARM.Build.0 = Release|ARM
		{98B5350D-3B67-4109-9CD5-1A675295C461}.Release|x64.ActiveCfg = Release|x64
		{98B5350D-3B67-4109-9CD5-1A675295C461}.Release|x64.Build.0 = Release|x64
		{98B5350D-3B67-4109-9CD5-1A675295C461}.Release|x86.ActiveCfg = Release|Win32
		{98B5350D-3B67-4109-9CD5-1A675295C461}.Release|x86.Build.0 = Release|Win32
	EndGlobalSection
	GlobalSection(SolutionProperties) = preSolution
		HideSolutionNode = FALSE
	EndGlobalSection
	GlobalSection(NestedProjects) = preSolution
		{56824402-BEAC-47D0-9FCE-60C17B843863} = {C27F3CF5-5838-4CA8-9E12-4FA62C82C206}
		{8D539C08-EA54-475F-B691-7BD8B8B67956} = {C27F3CF5-5838-4CA8-9E12-4FA62C82C206}
		{FF83E5D3-4F9D-47ED-82B6-B1FD087CDBCA} = {C27F3CF5-5838-4CA8-9E12-4FA62C82C206}
		{2783A617-8E1D-40D1-9684-DFAEB8DD5406} = {92741828-AA3F-46F0-B531-4897836D2282}
		{AF449E3C-B724-44DD-BFE0-91DD891CBCCE} = {C27F3CF5-5838-4CA8-9E12-4FA62C82C206}
		{BA77B946-F882-44B7-AC89-0AE31146A164} = {AF449E3C-B724-44DD-BFE0-91DD891CBCCE}
		{7F6B1DE4-C2F4-426C-90E5-6FB48C318D24} = {AF449E3C-B724-44DD-BFE0-91DD891CBCCE}
		{B116AF5C-BA60-4727-A627-9B2E3FD2CD0E} = {AF449E3C-B724-44DD-BFE0-91DD891CBCCE}
		{173346A7-C0E7-4B5C-95D9-9831B92AA9EE} = {AF449E3C-B724-44DD-BFE0-91DD891CBCCE}
		{4EA72BCA-A7CB-4D42-887E-4F95F5E0C98F} = {AF449E3C-B724-44DD-BFE0-91DD891CBCCE}
		{C57DA486-2279-4048-A6B5-4E2F7BCFD7A1} = {AF449E3C-B724-44DD-BFE0-91DD891CBCCE}
		{14882A0F-8926-4837-8E25-06D3F58B1DF8} = {92741828-AA3F-46F0-B531-4897836D2282}
		{0184C325-C1DF-4305-B202-324CB0413377} = {92741828-AA3F-46F0-B531-4897836D2282}
		{98B5350D-3B67-4109-9CD5-1A675295C461} = {92741828-AA3F-46F0-B531-4897836D2282}
	EndGlobalSection
EndGlobal
