
Microsoft Visual Studio Solution File, Format Version 12.00
# Visual Studio 14
VisualStudioVersion = 14.0.25420.1
MinimumVisualStudioVersion = 10.0.40219.1
Project("{FAE04EC0-301F-11D3-BF4B-00C04F79EFBC}") = "CognitiveServicesExample", "CognitiveServicesExample\CognitiveServicesExample.csproj", "{23116EAF-FB4B-4CAB-9C7B-42387470D87B}"
EndProject
Global
	GlobalSection(SolutionConfigurationPlatforms) = preSolution
		Debug|ARM = Debug|ARM
		Debug|x64 = Debug|x64
		Debug|x86 = Debug|x86
		Release|ARM = Release|ARM
		Release|x64 = Release|x64
		Release|x86 = Release|x86
	EndGlobalSection
	GlobalSection(ProjectConfigurationPlatforms) = postSolution
		{23116EAF-FB4B-4CAB-9C7B-42387470D87B}.Debug|ARM.ActiveCfg = Debug|ARM
		{23116EAF-FB4B-4CAB-9C7B-42387470D87B}.Debug|ARM.Build.0 = Debug|ARM
		{23116EAF-FB4B-4CAB-9C7B-42387470D87B}.Debug|ARM.Deploy.0 = Debug|ARM
		{23116EAF-FB4B-4CAB-9C7B-42387470D87B}.Debug|x64.ActiveCfg = Debug|x64
		{23116EAF-FB4B-4CAB-9C7B-42387470D87B}.Debug|x64.Build.0 = Debug|x64
		{23116EAF-FB4B-4CAB-9C7B-42387470D87B}.Debug|x64.Deploy.0 = Debug|x64
		{23116EAF-FB4B-4CAB-9C7B-42387470D87B}.Debug|x86.ActiveCfg = Debug|x86
		{23116EAF-FB4B-4CAB-9C7B-42387470D87B}.Debug|x86.Build.0 = Debug|x86
		{23116EAF-FB4B-4CAB-9C7B-42387470D87B}.Debug|x86.Deploy.0 = Debug|x86
		{23116EAF-FB4B-4CAB-9C7B-42387470D87B}.Release|ARM.ActiveCfg = Release|ARM
		{23116EAF-FB4B-4CAB-9C7B-42387470D87B}.Release|ARM.Build.0 = Release|ARM
		{23116EAF-FB4B-4CAB-9C7B-42387470D87B}.Release|ARM.Deploy.0 = Release|ARM
		{23116EAF-FB4B-4CAB-9C7B-42387470D87B}.Release|x64.ActiveCfg = Release|x64
		{23116EAF-FB4B-4CAB-9C7B-42387470D87B}.Release|x64.Build.0 = Release|x64
		{23116EAF-FB4B-4CAB-9C7B-42387470D87B}.Release|x64.Deploy.0 = Release|x64
		{23116EAF-FB4B-4CAB-9C7B-42387470D87B}.Release|x86.ActiveCfg = Release|x86
		{23116EAF-FB4B-4CAB-9C7B-42387470D87B}.Release|x86.Build.0 = Release|x86
		{23116EAF-FB4B-4CAB-9C7B-42387470D87B}.Release|x86.Deploy.0 = Release|x86
	EndGlobalSection
	GlobalSection(SolutionProperties) = preSolution
		HideSolutionNode = FALSE
	EndGlobalSection
EndGlobal
