
Microsoft Visual Studio Solution File, Format Version 12.00
# Visual Studio 14
VisualStudioVersion = 14.0.22823.1
MinimumVisualStudioVersion = 10.0.40219.1
Project("{B539DE0F-CE91-42B4-B429-17D12CE47E50}") = "SpiTestTool", "SpiTestTool.vcxproj", "{F2BD1D94-1C19-4051-9EE0-F6D28ACBA973}"
EndProject
Global
	GlobalSection(SolutionConfigurationPlatforms) = preSolution
		Debug|ARM = Debug|ARM
		Debug|x64 = Debug|x64
		Debug|x86 = Debug|x86
		Release|ARM = Release|ARM
		Release|x64 = Release|x64
		Release|x86 = Release|x86
	EndGlobalSection
	GlobalSection(ProjectConfigurationPlatforms) = postSolution
		{F2BD1D94-1C19-4051-9EE0-F6D28ACBA973}.Debug|ARM.ActiveCfg = Debug|ARM
		{F2BD1D94-1C19-4051-9EE0-F6D28ACBA973}.Debug|ARM.Build.0 = Debug|ARM
		{F2BD1D94-1C19-4051-9EE0-F6D28ACBA973}.Debug|x64.ActiveCfg = Debug|x64
		{F2BD1D94-1C19-4051-9EE0-F6D28ACBA973}.Debug|x64.Build.0 = Debug|x64
		{F2BD1D94-1C19-4051-9EE0-F6D28ACBA973}.Debug|x86.ActiveCfg = Debug|Win32
		{F2BD1D94-1C19-4051-9EE0-F6D28ACBA973}.Debug|x86.Build.0 = Debug|Win32
		{F2BD1D94-1C19-4051-9EE0-F6D28ACBA973}.Release|ARM.ActiveCfg = Release|ARM
		{F2BD1D94-1C19-4051-9EE0-F6D28ACBA973}.Release|ARM.Build.0 = Release|ARM
		{F2BD1D94-1C19-4051-9EE0-F6D28ACBA973}.Release|x64.ActiveCfg = Release|x64
		{F2BD1D94-1C19-4051-9EE0-F6D28ACBA973}.Release|x64.Build.0 = Release|x64
		{F2BD1D94-1C19-4051-9EE0-F6D28ACBA973}.Release|x86.ActiveCfg = Release|Win32
		{F2BD1D94-1C19-4051-9EE0-F6D28ACBA973}.Release|x86.Build.0 = Release|Win32
	EndGlobalSection
	GlobalSection(SolutionProperties) = preSolution
		HideSolutionNode = FALSE
	EndGlobalSection
EndGlobal
