
Microsoft Visual Studio Solution File, Format Version 12.00
# Visual Studio 14
VisualStudioVersion = 14.0.24720.0
MinimumVisualStudioVersion = 10.0.40219.1
Project("{2150E333-8FDC-42A3-9474-1A3956D46DE8}") = "ZWaveAdapter", "ZWaveAdapter", "{C8DFFD46-4CB4-447C-AB58-B634F97A28F3}"
EndProject
Project("{2150E333-8FDC-42A3-9474-1A3956D46DE8}") = "Platform", "Platform", "{50368D8D-F7C1-4D3D-A194-3B24484E5CF6}"
EndProject
Project("{8BC9CEB8-8B4A-11D0-8D11-00A0C91BC942}") = "BridgeRT", "..\..\Platform\BridgeRT\BridgeRT.vcxproj", "{2783A617-8E1D-40D1-9684-DFAEB8DD5406}"
EndProject
Project("{8BC9CEB8-8B4A-11D0-8D11-00A0C91BC942}") = "AdapterLib", "AdapterLib\AdapterLib.vcxproj", "{F9A26ACE-0E4F-4E3D-B902-6FC8706560DA}"
EndProject
Project("{8BC9CEB8-8B4A-11D0-8D11-00A0C91BC942}") = "HeadlessAdapterApp", "HeadlessAdapterApp\HeadlessAdapterApp.vcxproj", "{F6F3FBFA-BCAD-4C83-A063-F6DAF72229B6}"
EndProject
Project("{8BC9CEB8-8B4A-11D0-8D11-00A0C91BC942}") = "HeadedAdapterApp", "HeadedAdapterApp\HeadedAdapterApp.vcxproj", "{451BC21A-1D25-4811-B9F4-E06A27AF89A3}"
EndProject
Project("{8BC9CEB8-8B4A-11D0-8D11-00A0C91BC942}") = "OpenZWave", "open-zwave\cpp\build\winRT\vs2015\OpenZWave.vcxproj", "{E830F9D6-8173-4B0B-9ECE-CAADFA531B54}"
EndProject
Project("{8BC9CEB8-8B4A-11D0-8D11-00A0C91BC942}") = "BackgroundHost", "..\..\Platform\BackgroundHost\BackgroundHost\BackgroundHost.vcxproj", "{98B5350D-3B67-4109-9CD5-1A675295C461}"
EndProject
Project("{8BC9CEB8-8B4A-11D0-8D11-00A0C91BC942}") = "BackgroundHost.Headed", "..\..\Platform\BackgroundHost\BackgroundHost.Headed\BackgroundHost.Headed.vcxproj", "{0184C325-C1DF-4305-B202-324CB0413377}"
EndProject
Project("{8BC9CEB8-8B4A-11D0-8D11-00A0C91BC942}") = "BackgroundHost.Headless", "..\..\Platform\BackgroundHost\BackgroundHost.Headless\BackgroundHost.Headless.vcxproj", "{14882A0F-8926-4837-8E25-06D3F58B1DF8}"
EndProject
Global
	GlobalSection(SolutionConfigurationPlatforms) = preSolution
		Debug|ARM = Debug|ARM
		Debug|x64 = Debug|x64
		Debug|x86 = Debug|x86
		Release|ARM = Release|ARM
		Release|x64 = Release|x64
		Release|x86 = Release|x86
	EndGlobalSection
	GlobalSection(ProjectConfigurationPlatforms) = postSolution
		{2783A617-8E1D-40D1-9684-DFAEB8DD5406}.Debug|ARM.ActiveCfg = Debug|ARM
		{2783A617-8E1D-40D1-9684-DFAEB8DD5406}.Debug|ARM.Build.0 = Debug|ARM
		{2783A617-8E1D-40D1-9684-DFAEB8DD5406}.Debug|x64.ActiveCfg = Debug|x64
		{2783A617-8E1D-40D1-9684-DFAEB8DD5406}.Debug|x64.Build.0 = Debug|x64
		{2783A617-8E1D-40D1-9684-DFAEB8DD5406}.Debug|x86.ActiveCfg = Debug|Win32
		{2783A617-8E1D-40D1-9684-DFAEB8DD5406}.Debug|x86.Build.0 = Debug|Win32
		{2783A617-8E1D-40D1-9684-DFAEB8DD5406}.Release|ARM.ActiveCfg = Release|ARM
		{2783A617-8E1D-40D1-9684-DFAEB8DD5406}.Release|ARM.Build.0 = Release|ARM
		{2783A617-8E1D-40D1-9684-DFAEB8DD5406}.Release|x64.ActiveCfg = Release|x64
		{2783A617-8E1D-40D1-9684-DFAEB8DD5406}.Release|x64.Build.0 = Release|x64
		{2783A617-8E1D-40D1-9684-DFAEB8DD5406}.Release|x86.ActiveCfg = Release|Win32
		{2783A617-8E1D-40D1-9684-DFAEB8DD5406}.Release|x86.Build.0 = Release|Win32
		{F9A26ACE-0E4F-4E3D-B902-6FC8706560DA}.Debug|ARM.ActiveCfg = Debug|ARM
		{F9A26ACE-0E4F-4E3D-B902-6FC8706560DA}.Debug|ARM.Build.0 = Debug|ARM
		{F9A26ACE-0E4F-4E3D-B902-6FC8706560DA}.Debug|x64.ActiveCfg = Debug|x64
		{F9A26ACE-0E4F-4E3D-B902-6FC8706560DA}.Debug|x64.Build.0 = Debug|x64
		{F9A26ACE-0E4F-4E3D-B902-6FC8706560DA}.Debug|x86.ActiveCfg = Debug|Win32
		{F9A26ACE-0E4F-4E3D-B902-6FC8706560DA}.Debug|x86.Build.0 = Debug|Win32
		{F9A26ACE-0E4F-4E3D-B902-6FC8706560DA}.Release|ARM.ActiveCfg = Release|ARM
		{F9A26ACE-0E4F-4E3D-B902-6FC8706560DA}.Release|ARM.Build.0 = Release|ARM
		{F9A26ACE-0E4F-4E3D-B902-6FC8706560DA}.Release|x64.ActiveCfg = Release|x64
		{F9A26ACE-0E4F-4E3D-B902-6FC8706560DA}.Release|x64.Build.0 = Release|x64
		{F9A26ACE-0E4F-4E3D-B902-6FC8706560DA}.Release|x86.ActiveCfg = Release|Win32
		{F9A26ACE-0E4F-4E3D-B902-6FC8706560DA}.Release|x86.Build.0 = Release|Win32
		{F6F3FBFA-BCAD-4C83-A063-F6DAF72229B6}.Debug|ARM.ActiveCfg = Debug|ARM
		{F6F3FBFA-BCAD-4C83-A063-F6DAF72229B6}.Debug|ARM.Build.0 = Debug|ARM
		{F6F3FBFA-BCAD-4C83-A063-F6DAF72229B6}.Debug|ARM.Deploy.0 = Debug|ARM
		{F6F3FBFA-BCAD-4C83-A063-F6DAF72229B6}.Debug|x64.ActiveCfg = Debug|x64
		{F6F3FBFA-BCAD-4C83-A063-F6DAF72229B6}.Debug|x64.Build.0 = Debug|x64
		{F6F3FBFA-BCAD-4C83-A063-F6DAF72229B6}.Debug|x64.Deploy.0 = Debug|x64
		{F6F3FBFA-BCAD-4C83-A063-F6DAF72229B6}.Debug|x86.ActiveCfg = Debug|Win32
		{F6F3FBFA-BCAD-4C83-A063-F6DAF72229B6}.Debug|x86.Build.0 = Debug|Win32
		{F6F3FBFA-BCAD-4C83-A063-F6DAF72229B6}.Debug|x86.Deploy.0 = Debug|Win32
		{F6F3FBFA-BCAD-4C83-A063-F6DAF72229B6}.Release|ARM.ActiveCfg = Release|ARM
		{F6F3FBFA-BCAD-4C83-A063-F6DAF72229B6}.Release|ARM.Build.0 = Release|ARM
		{F6F3FBFA-BCAD-4C83-A063-F6DAF72229B6}.Release|ARM.Deploy.0 = Release|ARM
		{F6F3FBFA-BCAD-4C83-A063-F6DAF72229B6}.Release|x64.ActiveCfg = Release|x64
		{F6F3FBFA-BCAD-4C83-A063-F6DAF72229B6}.Release|x64.Build.0 = Release|x64
		{F6F3FBFA-BCAD-4C83-A063-F6DAF72229B6}.Release|x64.Deploy.0 = Release|x64
		{F6F3FBFA-BCAD-4C83-A063-F6DAF72229B6}.Release|x86.ActiveCfg = Release|Win32
		{F6F3FBFA-BCAD-4C83-A063-F6DAF72229B6}.Release|x86.Build.0 = Release|Win32
		{F6F3FBFA-BCAD-4C83-A063-F6DAF72229B6}.Release|x86.Deploy.0 = Release|Win32
		{451BC21A-1D25-4811-B9F4-E06A27AF89A3}.Debug|ARM.ActiveCfg = Debug|ARM
		{451BC21A-1D25-4811-B9F4-E06A27AF89A3}.Debug|ARM.Build.0 = Debug|ARM
		{451BC21A-1D25-4811-B9F4-E06A27AF89A3}.Debug|ARM.Deploy.0 = Debug|ARM
		{451BC21A-1D25-4811-B9F4-E06A27AF89A3}.Debug|x64.ActiveCfg = Debug|x64
		{451BC21A-1D25-4811-B9F4-E06A27AF89A3}.Debug|x64.Build.0 = Debug|x64
		{451BC21A-1D25-4811-B9F4-E06A27AF89A3}.Debug|x64.Deploy.0 = Debug|x64
		{451BC21A-1D25-4811-B9F4-E06A27AF89A3}.Debug|x86.ActiveCfg = Debug|Win32
		{451BC21A-1D25-4811-B9F4-E06A27AF89A3}.Debug|x86.Build.0 = Debug|Win32
		{451BC21A-1D25-4811-B9F4-E06A27AF89A3}.Debug|x86.Deploy.0 = Debug|Win32
		{451BC21A-1D25-4811-B9F4-E06A27AF89A3}.Release|ARM.ActiveCfg = Release|ARM
		{451BC21A-1D25-4811-B9F4-E06A27AF89A3}.Release|ARM.Build.0 = Release|ARM
		{451BC21A-1D25-4811-B9F4-E06A27AF89A3}.Release|ARM.Deploy.0 = Release|ARM
		{451BC21A-1D25-4811-B9F4-E06A27AF89A3}.Release|x64.ActiveCfg = Release|x64
		{451BC21A-1D25-4811-B9F4-E06A27AF89A3}.Release|x64.Build.0 = Release|x64
		{451BC21A-1D25-4811-B9F4-E06A27AF89A3}.Release|x64.Deploy.0 = Release|x64
		{451BC21A-1D25-4811-B9F4-E06A27AF89A3}.Release|x86.ActiveCfg = Release|Win32
		{451BC21A-1D25-4811-B9F4-E06A27AF89A3}.Release|x86.Build.0 = Release|Win32
		{451BC21A-1D25-4811-B9F4-E06A27AF89A3}.Release|x86.Deploy.0 = Release|Win32
		{E830F9D6-8173-4B0B-9ECE-CAADFA531B54}.Debug|ARM.ActiveCfg = Debug|ARM
		{E830F9D6-8173-4B0B-9ECE-CAADFA531B54}.Debug|ARM.Build.0 = Debug|ARM
		{E830F9D6-8173-4B0B-9ECE-CAADFA531B54}.Debug|x64.ActiveCfg = Debug|x64
		{E830F9D6-8173-4B0B-9ECE-CAADFA531B54}.Debug|x64.Build.0 = Debug|x64
		{E830F9D6-8173-4B0B-9ECE-CAADFA531B54}.Debug|x86.ActiveCfg = Debug|Win32
		{E830F9D6-8173-4B0B-9ECE-CAADFA531B54}.Debug|x86.Build.0 = Debug|Win32
		{E830F9D6-8173-4B0B-9ECE-CAADFA531B54}.Release|ARM.ActiveCfg = Release|ARM
		{E830F9D6-8173-4B0B-9ECE-CAADFA531B54}.Release|ARM.Build.0 = Release|ARM
		{E830F9D6-8173-4B0B-9ECE-CAADFA531B54}.Release|x64.ActiveCfg = Release|x64
		{E830F9D6-8173-4B0B-9ECE-CAADFA531B54}.Release|x64.Build.0 = Release|x64
		{E830F9D6-8173-4B0B-9ECE-CAADFA531B54}.Release|x86.ActiveCfg = Release|Win32
		{E830F9D6-8173-4B0B-9ECE-CAADFA531B54}.Release|x86.Build.0 = Release|Win32
		{98B5350D-3B67-4109-9CD5-1A675295C461}.Debug|ARM.ActiveCfg = Debug|ARM
		{98B5350D-3B67-4109-9CD5-1A675295C461}.Debug|ARM.Build.0 = Debug|ARM
		{98B5350D-3B67-4109-9CD5-1A675295C461}.Debug|x64.ActiveCfg = Debug|x64
		{98B5350D-3B67-4109-9CD5-1A675295C461}.Debug|x64.Build.0 = Debug|x64
		{98B5350D-3B67-4109-9CD5-1A675295C461}.Debug|x86.ActiveCfg = Debug|Win32
		{98B5350D-3B67-4109-9CD5-1A675295C461}.Debug|x86.Build.0 = Debug|Win32
		{98B5350D-3B67-4109-9CD5-1A675295C461}.Release|ARM.ActiveCfg = Release|ARM
		{98B5350D-3B67-4109-9CD5-1A675295C461}.Release|ARM.Build.0 = Release|ARM
		{98B5350D-3B67-4109-9CD5-1A675295C461}.Release|x64.ActiveCfg = Release|x64
		{98B5350D-3B67-4109-9CD5-1A675295C461}.Release|x64.Build.0 = Release|x64
		{98B5350D-3B67-4109-9CD5-1A675295C461}.Release|x86.ActiveCfg = Release|Win32
		{98B5350D-3B67-4109-9CD5-1A675295C461}.Release|x86.Build.0 = Release|Win32
		{0184C325-C1DF-4305-B202-324CB0413377}.Debug|ARM.ActiveCfg = Debug|ARM
		{0184C325-C1DF-4305-B202-324CB0413377}.Debug|ARM.Build.0 = Debug|ARM
		{0184C325-C1DF-4305-B202-324CB0413377}.Debug|x64.ActiveCfg = Debug|x64
		{0184C325-C1DF-4305-B202-324CB0413377}.Debug|x64.Build.0 = Debug|x64
		{0184C325-C1DF-4305-B202-324CB0413377}.Debug|x86.ActiveCfg = Debug|Win32
		{0184C325-C1DF-4305-B202-324CB0413377}.Debug|x86.Build.0 = Debug|Win32
		{0184C325-C1DF-4305-B202-324CB0413377}.Release|ARM.ActiveCfg = Release|ARM
		{0184C325-C1DF-4305-B202-324CB0413377}.Release|ARM.Build.0 = Release|ARM
		{0184C325-C1DF-4305-B202-324CB0413377}.Release|x64.ActiveCfg = Release|x64
		{0184C325-C1DF-4305-B202-324CB0413377}.Release|x64.Build.0 = Release|x64
		{0184C325-C1DF-4305-B202-324CB0413377}.Release|x86.ActiveCfg = Release|Win32
		{0184C325-C1DF-4305-B202-324CB0413377}.Release|x86.Build.0 = Release|Win32
		{14882A0F-8926-4837-8E25-06D3F58B1DF8}.Debug|ARM.ActiveCfg = Debug|ARM
		{14882A0F-8926-4837-8E25-06D3F58B1DF8}.Debug|ARM.Build.0 = Debug|ARM
		{14882A0F-8926-4837-8E25-06D3F58B1DF8}.Debug|x64.ActiveCfg = Debug|x64
		{14882A0F-8926-4837-8E25-06D3F58B1DF8}.Debug|x64.Build.0 = Debug|x64
		{14882A0F-8926-4837-8E25-06D3F58B1DF8}.Debug|x86.ActiveCfg = Debug|Win32
		{14882A0F-8926-4837-8E25-06D3F58B1DF8}.Debug|x86.Build.0 = Debug|Win32
		{14882A0F-8926-4837-8E25-06D3F58B1DF8}.Release|ARM.ActiveCfg = Release|ARM
		{14882A0F-8926-4837-8E25-06D3F58B1DF8}.Release|ARM.Build.0 = Release|ARM
		{14882A0F-8926-4837-8E25-06D3F58B1DF8}.Release|x64.ActiveCfg = Release|x64
		{14882A0F-8926-4837-8E25-06D3F58B1DF8}.Release|x64.Build.0 = Release|x64
		{14882A0F-8926-4837-8E25-06D3F58B1DF8}.Release|x86.ActiveCfg = Release|Win32
		{14882A0F-8926-4837-8E25-06D3F58B1DF8}.Release|x86.Build.0 = Release|Win32
	EndGlobalSection
	GlobalSection(SolutionProperties) = preSolution
		HideSolutionNode = FALSE
	EndGlobalSection
	GlobalSection(NestedProjects) = preSolution
		{2783A617-8E1D-40D1-9684-DFAEB8DD5406} = {50368D8D-F7C1-4D3D-A194-3B24484E5CF6}
		{F9A26ACE-0E4F-4E3D-B902-6FC8706560DA} = {C8DFFD46-4CB4-447C-AB58-B634F97A28F3}
		{F6F3FBFA-BCAD-4C83-A063-F6DAF72229B6} = {C8DFFD46-4CB4-447C-AB58-B634F97A28F3}
		{451BC21A-1D25-4811-B9F4-E06A27AF89A3} = {C8DFFD46-4CB4-447C-AB58-B634F97A28F3}
		{E830F9D6-8173-4B0B-9ECE-CAADFA531B54} = {C8DFFD46-4CB4-447C-AB58-B634F97A28F3}
		{98B5350D-3B67-4109-9CD5-1A675295C461} = {50368D8D-F7C1-4D3D-A194-3B24484E5CF6}
		{0184C325-C1DF-4305-B202-324CB0413377} = {50368D8D-F7C1-4D3D-A194-3B24484E5CF6}
		{14882A0F-8926-4837-8E25-06D3F58B1DF8} = {50368D8D-F7C1-4D3D-A194-3B24484E5CF6}
	EndGlobalSection
EndGlobal
