
Microsoft Visual Studio Solution File, Format Version 12.00
# Visual Studio 14
VisualStudioVersion = 14.0.23107.0
MinimumVisualStudioVersion = 10.0.40219.1
Project("{FAE04EC0-301F-11D3-BF4B-00C04F79EFBC}") = "BlinkyHeadlessCS", "BlinkyHeadlessCS.csproj", "{2EF360E0-DC10-4F2F-8911-F48D5201E654}"
EndProject
Global
	GlobalSection(SolutionConfigurationPlatforms) = preSolution
		Debug|ARM = Debug|ARM
		Debug|x64 = Debug|x64
		Debug|x86 = Debug|x86
		Release|ARM = Release|ARM
		Release|x64 = Release|x64
		Release|x86 = Release|x86
	EndGlobalSection
	GlobalSection(ProjectConfigurationPlatforms) = postSolution
		{2EF360E0-DC10-4F2F-8911-F48D5201E654}.Debug|ARM.ActiveCfg = Debug|ARM
		{2EF360E0-DC10-4F2F-8911-F48D5201E654}.Debug|ARM.Build.0 = Debug|ARM
		{2EF360E0-DC10-4F2F-8911-F48D5201E654}.Debug|ARM.Deploy.0 = Debug|ARM
		{2EF360E0-DC10-4F2F-8911-F48D5201E654}.Debug|x64.ActiveCfg = Debug|x64
		{2EF360E0-DC10-4F2F-8911-F48D5201E654}.Debug|x64.Build.0 = Debug|x64
		{2EF360E0-DC10-4F2F-8911-F48D5201E654}.Debug|x64.Deploy.0 = Debug|x64
		{2EF360E0-DC10-4F2F-8911-F48D5201E654}.Debug|x86.ActiveCfg = Debug|x86
		{2EF360E0-DC10-4F2F-8911-F48D5201E654}.Debug|x86.Build.0 = Debug|x86
		{2EF360E0-DC10-4F2F-8911-F48D5201E654}.Debug|x86.Deploy.0 = Debug|x86
		{2EF360E0-DC10-4F2F-8911-F48D5201E654}.Release|ARM.ActiveCfg = Release|ARM
		{2EF360E0-DC10-4F2F-8911-F48D5201E654}.Release|ARM.Build.0 = Release|ARM
		{2EF360E0-DC10-4F2F-8911-F48D5201E654}.Release|ARM.Deploy.0 = Release|ARM
		{2EF360E0-DC10-4F2F-8911-F48D5201E654}.Release|x64.ActiveCfg = Release|x64
		{2EF360E0-DC10-4F2F-8911-F48D5201E654}.Release|x64.Build.0 = Release|x64
		{2EF360E0-DC10-4F2F-8911-F48D5201E654}.Release|x64.Deploy.0 = Release|x64
		{2EF360E0-DC10-4F2F-8911-F48D5201E654}.Release|x86.ActiveCfg = Release|x86
		{2EF360E0-DC10-4F2F-8911-F48D5201E654}.Release|x86.Build.0 = Release|x86
		{2EF360E0-DC10-4F2F-8911-F48D5201E654}.Release|x86.Deploy.0 = Release|x86
	EndGlobalSection
	GlobalSection(SolutionProperties) = preSolution
		HideSolutionNode = FALSE
	EndGlobalSection
EndGlobal
