<?xml version="1.0" encoding="utf-8"?>
<Project ToolsVersion="14.0" xmlns="http://schemas.microsoft.com/developer/msbuild/2003">
  <ItemGroup>
    <Filter Include="Resources">
      <UniqueIdentifier>3e11fea3-4a45-402a-9fb8-dca56e0ecb29</UniqueIdentifier>
      <Extensions>rc;ico;cur;bmp;dlg;rc2;rct;bin;rgs;gif;jpg;jpeg;jpe;resx;tga;tiff;tif;png;wav;mfcribbon-ms</Extensions>
    </Filter>
  </ItemGroup>
  <ItemGroup>
    <ClCompile Include="pch.cpp" />
    <ClCompile Include="AllJoynBusObjectManager.cpp" />
    <ClCompile Include="AllJoynHelpers.cpp" />
    <ClCompile Include="brightnessConsumer.cpp" />
    <ClCompile Include="brightnessProducer.cpp" />
    <ClCompile Include="brightnessServiceEventAdapter.cpp" />
    <ClCompile Include="brightnessServiceEventArgs.cpp" />
    <ClCompile Include="brightnessSignals.cpp" />
    <ClCompile Include="brightnessWatcher.cpp" />
    <ClCompile Include="TypeConversionHelpers.cpp" />
  </ItemGroup>
  <ItemGroup>
    <ClInclude Include="pch.h" />
    <ClInclude Include="AllJoynBusObjectManager.h" />
    <ClInclude Include="AllJoynHelpers.h" />
    <ClInclude Include="brightnessConsumer.h" />
    <ClInclude Include="brightnessEventArgs.h" />
    <ClInclude Include="brightnessMethodResults.h" />
    <ClInclude Include="brightnessProducer.h" />
    <ClInclude Include="brightnessServiceEventAdapter.h" />
    <ClInclude Include="brightnessServiceEventArgs.h" />
    <ClInclude Include="brightnessSignals.h" />
    <ClInclude Include="brightnessStructures.h" />
    <ClInclude Include="brightnessWatcher.h" />
    <ClInclude Include="IbrightnessService.h" />
    <ClInclude Include="TypeConversionHelpers.h" />
  </ItemGroup>
</Project>