<?xml version="1.0" encoding="UTF-8" standalone="yes" ?>
<CodeBlocks_project_file>
	<FileVersion major="1" minor="6" />
	<Project>
		<Option title="BACnet Client Server Win32 Demo" />
		<Option makefile="makefile" />
		<Option pch_mode="2" />
		<Option compiler="gcc" />
		<Build>
			<Target title="Debug">
				<Option output="bin\Debug\bacnet" prefix_auto="1" extension_auto="1" />
				<Option object_output="obj\Debug\" />
				<Option type="1" />
				<Option compiler="gcc" />
				<Compiler>
					<Add option="-g" />
				</Compiler>
			</Target>
			<Target title="Release">
				<Option output="bin\Release\bacnet" prefix_auto="1" extension_auto="1" />
				<Option object_output="obj\Release\" />
				<Option type="1" />
				<Option compiler="gcc" />
				<Compiler>
					<Add option="-O2" />
				</Compiler>
				<Linker>
					<Add option="-s" />
				</Linker>
			</Target>
		</Build>
		<Compiler>
			<Add option="-Wall" />
			<Add option="-fexceptions" />
			<Add option="-DBACDL_BIP" />
			<Add option="-DPRINT_ENABLED=1" />
			<Add option="-DBACAPP_ALL" />
			<Add directory="." />
			<Add directory="..\..\include" />
			<Add directory="..\..\demo\handler" />
			<Add directory="..\..\demo\object" />
		</Compiler>
		<Linker>
			<Add library="..\..\lib\libbacnet.a" />
			<Add library="ws2_32" />
			<Add library="iphlpapi" />
		</Linker>
		<Unit filename="..\..\include\bacaddr.h" />
		<Unit filename="..\..\include\bacdef.h" />
		<Unit filename="..\..\include\bacint.h" />
		<Unit filename="..\..\include\crc.h" />
		<Unit filename="..\..\include\datalink.h" />
		<Unit filename="..\..\include\indtext.h" />
		<Unit filename="..\..\include\mstp.h" />
		<Unit filename="..\..\include\mstptext.h" />
		<Unit filename="..\..\include\npdu.h" />
		<Unit filename="main.c">
			<Option compilerVar="CC" />
		</Unit>
		<Extensions>
			<code_completion />
			<envvars />
			<debugger />
		</Extensions>
	</Project>
</CodeBlocks_project_file>
