<?xml version="1.0" encoding="utf-8"?>
<Project ToolsVersion="14.0" xmlns="http://schemas.microsoft.com/developer/msbuild/2003">
  <ItemGroup>
    <Filter Include="Resources">
      <UniqueIdentifier>ff532b3e-290a-44f0-ba86-d8f05e5f8353</UniqueIdentifier>
      <Extensions>rc;ico;cur;bmp;dlg;rc2;rct;bin;rgs;gif;jpg;jpeg;jpe;resx;tga;tiff;tif;png;wav;mfcribbon-ms</Extensions>
    </Filter>
  </ItemGroup>
  <ItemGroup>
    <ClCompile Include="pch.cpp" />
    <ClCompile Include="AllJoynHelpers.cpp" />
    <ClCompile Include="OnboardingProducer.cpp" />
    <ClCompile Include="OnboardingSignals.cpp" />
    <ClCompile Include="TypeConversionHelpers.cpp" />
  </ItemGroup>
  <ItemGroup>
    <ClInclude Include="pch.h" />
    <ClInclude Include="AllJoynHelpers.h" />
    <ClInclude Include="IOnboardingService.h" />
    <ClInclude Include="OnboardingEventArgs.h" />
    <ClInclude Include="OnboardingMethodResults.h" />
    <ClInclude Include="OnboardingProducer.h" />
    <ClInclude Include="OnboardingSignals.h" />
    <ClInclude Include="OnboardingStructures.h" />
    <ClInclude Include="TypeConversionHelpers.h" />
  </ItemGroup>
</Project>