
Microsoft Visual Studio Solution File, Format Version 12.00
# Visual Studio 2013
VisualStudioVersion = 12.0.30723.0
MinimumVisualStudioVersion = 10.0.40219.1
Project("{8BC9CEB8-8B4A-11D0-8D11-00A0C91BC942}") = "BACnet_Stack_Library", "BACnet Stack Library\BACnet Stack Library.vcxproj", "{E9A65567-B028-4278-881D-674604B2E126}"
EndProject
Project("{8BC9CEB8-8B4A-11D0-8D11-00A0C91BC942}") = "BACnet_Object_Definitions", "BACnet Object Definitions\BACnet Object Definitions.vcxproj", "{6A8668E1-F08E-496B-B624-D6C05001806D}"
EndProject
Project("{8BC9CEB8-8B4A-11D0-8D11-00A0C91BC942}") = "Server", "Server\Server.vcxproj", "{EF250061-B9E3-4EEF-8C87-4AB52AF30B3E}"
	ProjectSection(ProjectDependencies) = postProject
		{9D4C3515-CA91-4C54-93DC-9962A3139A38} = {9D4C3515-CA91-4C54-93DC-9962A3139A38}
	EndProjectSection
EndProject
Project("{8BC9CEB8-8B4A-11D0-8D11-00A0C91BC942}") = "bacwi", "Who-Is\Who-Is.vcxproj", "{A6287B6E-0BCE-43FA-ADFB-9263DB069BA4}"
	ProjectSection(ProjectDependencies) = postProject
		{9D4C3515-CA91-4C54-93DC-9962A3139A38} = {9D4C3515-CA91-4C54-93DC-9962A3139A38}
	EndProjectSection
EndProject
Project("{8BC9CEB8-8B4A-11D0-8D11-00A0C91BC942}") = "bacdcc", "dcc\dcc.vcxproj", "{CC217FCF-AEF6-4859-8452-1E222C393383}"
	ProjectSection(ProjectDependencies) = postProject
		{E9A65567-B028-4278-881D-674604B2E126} = {E9A65567-B028-4278-881D-674604B2E126}
		{6A8668E1-F08E-496B-B624-D6C05001806D} = {6A8668E1-F08E-496B-B624-D6C05001806D}
	EndProjectSection
EndProject
Project("{8BC9CEB8-8B4A-11D0-8D11-00A0C91BC942}") = "BACnet_Handler_Library", "BACnet Handler Library\BACnet Handler Library.vcxproj", "{9D4C3515-CA91-4C54-93DC-9962A3139A38}"
	ProjectSection(ProjectDependencies) = postProject
		{E9A65567-B028-4278-881D-674604B2E126} = {E9A65567-B028-4278-881D-674604B2E126}
		{6A8668E1-F08E-496B-B624-D6C05001806D} = {6A8668E1-F08E-496B-B624-D6C05001806D}
	EndProjectSection
EndProject
Project("{8BC9CEB8-8B4A-11D0-8D11-00A0C91BC942}") = "bacwp", "writeprop\writeprop.vcxproj", "{826EF765-7828-44D3-B8AF-7AEDBAA8E0D2}"
	ProjectSection(ProjectDependencies) = postProject
		{9D4C3515-CA91-4C54-93DC-9962A3139A38} = {9D4C3515-CA91-4C54-93DC-9962A3139A38}
		{E9A65567-B028-4278-881D-674604B2E126} = {E9A65567-B028-4278-881D-674604B2E126}
		{6A8668E1-F08E-496B-B624-D6C05001806D} = {6A8668E1-F08E-496B-B624-D6C05001806D}
	EndProjectSection
EndProject
Project("{8BC9CEB8-8B4A-11D0-8D11-00A0C91BC942}") = "bacwir", "bacwir\bacwir.vcxproj", "{7E30D4FE-B8A7-442D-B6FB-E8DC3129EFEB}"
EndProject
Project("{8BC9CEB8-8B4A-11D0-8D11-00A0C91BC942}") = "bacrp", "bacrp\bacrp.vcxproj", "{2DED9AEF-13AB-408B-B914-F7F30AE15EC0}"
	ProjectSection(ProjectDependencies) = postProject
		{9D4C3515-CA91-4C54-93DC-9962A3139A38} = {9D4C3515-CA91-4C54-93DC-9962A3139A38}
		{E9A65567-B028-4278-881D-674604B2E126} = {E9A65567-B028-4278-881D-674604B2E126}
		{6A8668E1-F08E-496B-B624-D6C05001806D} = {6A8668E1-F08E-496B-B624-D6C05001806D}
	EndProjectSection
EndProject
Project("{8BC9CEB8-8B4A-11D0-8D11-00A0C91BC942}") = "bacepics", "bacepics\bacepics.vcxproj", "{17BEB9AD-5DA8-4B49-9369-B6715831C381}"
EndProject
Project("{8BC9CEB8-8B4A-11D0-8D11-00A0C91BC942}") = "baccov", "cov\cov.vcxproj", "{1973C87A-52A5-46BD-82F4-9A02FAAEFCD2}"
EndProject
Global
	GlobalSection(SolutionConfigurationPlatforms) = preSolution
		amd64|Win32 = amd64|Win32
		amd64|x64 = amd64|x64
		Debug|Win32 = Debug|Win32
		Debug|x64 = Debug|x64
		Release|Win32 = Release|Win32
		Release|x64 = Release|x64
	EndGlobalSection
	GlobalSection(ProjectConfigurationPlatforms) = postSolution
		{E9A65567-B028-4278-881D-674604B2E126}.amd64|Win32.ActiveCfg = Release|Win32
		{E9A65567-B028-4278-881D-674604B2E126}.amd64|Win32.Build.0 = Release|Win32
		{E9A65567-B028-4278-881D-674604B2E126}.amd64|x64.ActiveCfg = Debug|x64
		{E9A65567-B028-4278-881D-674604B2E126}.amd64|x64.Build.0 = Debug|x64
		{E9A65567-B028-4278-881D-674604B2E126}.Debug|Win32.ActiveCfg = Debug|Win32
		{E9A65567-B028-4278-881D-674604B2E126}.Debug|Win32.Build.0 = Debug|Win32
		{E9A65567-B028-4278-881D-674604B2E126}.Debug|x64.ActiveCfg = Debug|x64
		{E9A65567-B028-4278-881D-674604B2E126}.Debug|x64.Build.0 = Debug|x64
		{E9A65567-B028-4278-881D-674604B2E126}.Release|Win32.ActiveCfg = Release|Win32
		{E9A65567-B028-4278-881D-674604B2E126}.Release|Win32.Build.0 = Release|Win32
		{E9A65567-B028-4278-881D-674604B2E126}.Release|x64.ActiveCfg = Release|x64
		{E9A65567-B028-4278-881D-674604B2E126}.Release|x64.Build.0 = Release|x64
		{6A8668E1-F08E-496B-B624-D6C05001806D}.amd64|Win32.ActiveCfg = Release|Win32
		{6A8668E1-F08E-496B-B624-D6C05001806D}.amd64|Win32.Build.0 = Release|Win32
		{6A8668E1-F08E-496B-B624-D6C05001806D}.amd64|x64.ActiveCfg = Release|Win32
		{6A8668E1-F08E-496B-B624-D6C05001806D}.Debug|Win32.ActiveCfg = Debug|Win32
		{6A8668E1-F08E-496B-B624-D6C05001806D}.Debug|Win32.Build.0 = Debug|Win32
		{6A8668E1-F08E-496B-B624-D6C05001806D}.Debug|x64.ActiveCfg = Debug|x64
		{6A8668E1-F08E-496B-B624-D6C05001806D}.Debug|x64.Build.0 = Debug|x64
		{6A8668E1-F08E-496B-B624-D6C05001806D}.Release|Win32.ActiveCfg = Release|Win32
		{6A8668E1-F08E-496B-B624-D6C05001806D}.Release|Win32.Build.0 = Release|Win32
		{6A8668E1-F08E-496B-B624-D6C05001806D}.Release|x64.ActiveCfg = Release|x64
		{6A8668E1-F08E-496B-B624-D6C05001806D}.Release|x64.Build.0 = Release|x64
		{EF250061-B9E3-4EEF-8C87-4AB52AF30B3E}.amd64|Win32.ActiveCfg = Release|Win32
		{EF250061-B9E3-4EEF-8C87-4AB52AF30B3E}.amd64|Win32.Build.0 = Release|Win32
		{EF250061-B9E3-4EEF-8C87-4AB52AF30B3E}.amd64|x64.ActiveCfg = Release|Win32
		{EF250061-B9E3-4EEF-8C87-4AB52AF30B3E}.Debug|Win32.ActiveCfg = Debug|Win32
		{EF250061-B9E3-4EEF-8C87-4AB52AF30B3E}.Debug|Win32.Build.0 = Debug|Win32
		{EF250061-B9E3-4EEF-8C87-4AB52AF30B3E}.Debug|x64.ActiveCfg = Debug|x64
		{EF250061-B9E3-4EEF-8C87-4AB52AF30B3E}.Debug|x64.Build.0 = Debug|x64
		{EF250061-B9E3-4EEF-8C87-4AB52AF30B3E}.Release|Win32.ActiveCfg = Release|Win32
		{EF250061-B9E3-4EEF-8C87-4AB52AF30B3E}.Release|Win32.Build.0 = Release|Win32
		{EF250061-B9E3-4EEF-8C87-4AB52AF30B3E}.Release|x64.ActiveCfg = Release|x64
		{EF250061-B9E3-4EEF-8C87-4AB52AF30B3E}.Release|x64.Build.0 = Release|x64
		{A6287B6E-0BCE-43FA-ADFB-9263DB069BA4}.amd64|Win32.ActiveCfg = Release|Win32
		{A6287B6E-0BCE-43FA-ADFB-9263DB069BA4}.amd64|Win32.Build.0 = Release|Win32
		{A6287B6E-0BCE-43FA-ADFB-9263DB069BA4}.amd64|x64.ActiveCfg = Release|Win32
		{A6287B6E-0BCE-43FA-ADFB-9263DB069BA4}.Debug|Win32.ActiveCfg = Debug|Win32
		{A6287B6E-0BCE-43FA-ADFB-9263DB069BA4}.Debug|Win32.Build.0 = Debug|Win32
		{A6287B6E-0BCE-43FA-ADFB-9263DB069BA4}.Debug|x64.ActiveCfg = Debug|x64
		{A6287B6E-0BCE-43FA-ADFB-9263DB069BA4}.Debug|x64.Build.0 = Debug|x64
		{A6287B6E-0BCE-43FA-ADFB-9263DB069BA4}.Release|Win32.ActiveCfg = Release|Win32
		{A6287B6E-0BCE-43FA-ADFB-9263DB069BA4}.Release|Win32.Build.0 = Release|Win32
		{A6287B6E-0BCE-43FA-ADFB-9263DB069BA4}.Release|x64.ActiveCfg = Release|x64
		{A6287B6E-0BCE-43FA-ADFB-9263DB069BA4}.Release|x64.Build.0 = Release|x64
		{CC217FCF-AEF6-4859-8452-1E222C393383}.amd64|Win32.ActiveCfg = Release|Win32
		{CC217FCF-AEF6-4859-8452-1E222C393383}.amd64|Win32.Build.0 = Release|Win32
		{CC217FCF-AEF6-4859-8452-1E222C393383}.amd64|x64.ActiveCfg = Release|Win32
		{CC217FCF-AEF6-4859-8452-1E222C393383}.Debug|Win32.ActiveCfg = Debug|Win32
		{CC217FCF-AEF6-4859-8452-1E222C393383}.Debug|Win32.Build.0 = Debug|Win32
		{CC217FCF-AEF6-4859-8452-1E222C393383}.Debug|x64.ActiveCfg = Debug|x64
		{CC217FCF-AEF6-4859-8452-1E222C393383}.Debug|x64.Build.0 = Debug|x64
		{CC217FCF-AEF6-4859-8452-1E222C393383}.Release|Win32.ActiveCfg = Release|Win32
		{CC217FCF-AEF6-4859-8452-1E222C393383}.Release|Win32.Build.0 = Release|Win32
		{CC217FCF-AEF6-4859-8452-1E222C393383}.Release|x64.ActiveCfg = Release|x64
		{CC217FCF-AEF6-4859-8452-1E222C393383}.Release|x64.Build.0 = Release|x64
		{9D4C3515-CA91-4C54-93DC-9962A3139A38}.amd64|Win32.ActiveCfg = Release|Win32
		{9D4C3515-CA91-4C54-93DC-9962A3139A38}.amd64|Win32.Build.0 = Release|Win32
		{9D4C3515-CA91-4C54-93DC-9962A3139A38}.amd64|x64.ActiveCfg = Release|Win32
		{9D4C3515-CA91-4C54-93DC-9962A3139A38}.Debug|Win32.ActiveCfg = Debug|Win32
		{9D4C3515-CA91-4C54-93DC-9962A3139A38}.Debug|Win32.Build.0 = Debug|Win32
		{9D4C3515-CA91-4C54-93DC-9962A3139A38}.Debug|x64.ActiveCfg = Debug|x64
		{9D4C3515-CA91-4C54-93DC-9962A3139A38}.Debug|x64.Build.0 = Debug|x64
		{9D4C3515-CA91-4C54-93DC-9962A3139A38}.Release|Win32.ActiveCfg = Release|Win32
		{9D4C3515-CA91-4C54-93DC-9962A3139A38}.Release|Win32.Build.0 = Release|Win32
		{9D4C3515-CA91-4C54-93DC-9962A3139A38}.Release|x64.ActiveCfg = Release|x64
		{9D4C3515-CA91-4C54-93DC-9962A3139A38}.Release|x64.Build.0 = Release|x64
		{826EF765-7828-44D3-B8AF-7AEDBAA8E0D2}.amd64|Win32.ActiveCfg = Release|Win32
		{826EF765-7828-44D3-B8AF-7AEDBAA8E0D2}.amd64|Win32.Build.0 = Release|Win32
		{826EF765-7828-44D3-B8AF-7AEDBAA8E0D2}.amd64|x64.ActiveCfg = Release|Win32
		{826EF765-7828-44D3-B8AF-7AEDBAA8E0D2}.Debug|Win32.ActiveCfg = Debug|Win32
		{826EF765-7828-44D3-B8AF-7AEDBAA8E0D2}.Debug|Win32.Build.0 = Debug|Win32
		{826EF765-7828-44D3-B8AF-7AEDBAA8E0D2}.Debug|x64.ActiveCfg = Debug|x64
		{826EF765-7828-44D3-B8AF-7AEDBAA8E0D2}.Debug|x64.Build.0 = Debug|x64
		{826EF765-7828-44D3-B8AF-7AEDBAA8E0D2}.Release|Win32.ActiveCfg = Release|Win32
		{826EF765-7828-44D3-B8AF-7AEDBAA8E0D2}.Release|Win32.Build.0 = Release|Win32
		{826EF765-7828-44D3-B8AF-7AEDBAA8E0D2}.Release|x64.ActiveCfg = Release|x64
		{826EF765-7828-44D3-B8AF-7AEDBAA8E0D2}.Release|x64.Build.0 = Release|x64
		{7E30D4FE-B8A7-442D-B6FB-E8DC3129EFEB}.amd64|Win32.ActiveCfg = Release|Win32
		{7E30D4FE-B8A7-442D-B6FB-E8DC3129EFEB}.amd64|Win32.Build.0 = Release|Win32
		{7E30D4FE-B8A7-442D-B6FB-E8DC3129EFEB}.amd64|x64.ActiveCfg = Release|Win32
		{7E30D4FE-B8A7-442D-B6FB-E8DC3129EFEB}.Debug|Win32.ActiveCfg = Debug|Win32
		{7E30D4FE-B8A7-442D-B6FB-E8DC3129EFEB}.Debug|Win32.Build.0 = Debug|Win32
		{7E30D4FE-B8A7-442D-B6FB-E8DC3129EFEB}.Debug|x64.ActiveCfg = Debug|x64
		{7E30D4FE-B8A7-442D-B6FB-E8DC3129EFEB}.Debug|x64.Build.0 = Debug|x64
		{7E30D4FE-B8A7-442D-B6FB-E8DC3129EFEB}.Release|Win32.ActiveCfg = Release|Win32
		{7E30D4FE-B8A7-442D-B6FB-E8DC3129EFEB}.Release|Win32.Build.0 = Release|Win32
		{7E30D4FE-B8A7-442D-B6FB-E8DC3129EFEB}.Release|x64.ActiveCfg = Release|x64
		{7E30D4FE-B8A7-442D-B6FB-E8DC3129EFEB}.Release|x64.Build.0 = Release|x64
		{2DED9AEF-13AB-408B-B914-F7F30AE15EC0}.amd64|Win32.ActiveCfg = Release|Win32
		{2DED9AEF-13AB-408B-B914-F7F30AE15EC0}.amd64|Win32.Build.0 = Release|Win32
		{2DED9AEF-13AB-408B-B914-F7F30AE15EC0}.amd64|x64.ActiveCfg = Release|Win32
		{2DED9AEF-13AB-408B-B914-F7F30AE15EC0}.Debug|Win32.ActiveCfg = Debug|Win32
		{2DED9AEF-13AB-408B-B914-F7F30AE15EC0}.Debug|Win32.Build.0 = Debug|Win32
		{2DED9AEF-13AB-408B-B914-F7F30AE15EC0}.Debug|x64.ActiveCfg = Debug|x64
		{2DED9AEF-13AB-408B-B914-F7F30AE15EC0}.Debug|x64.Build.0 = Debug|x64
		{2DED9AEF-13AB-408B-B914-F7F30AE15EC0}.Release|Win32.ActiveCfg = Release|Win32
		{2DED9AEF-13AB-408B-B914-F7F30AE15EC0}.Release|Win32.Build.0 = Release|Win32
		{2DED9AEF-13AB-408B-B914-F7F30AE15EC0}.Release|x64.ActiveCfg = Release|x64
		{2DED9AEF-13AB-408B-B914-F7F30AE15EC0}.Release|x64.Build.0 = Release|x64
		{17BEB9AD-5DA8-4B49-9369-B6715831C381}.amd64|Win32.ActiveCfg = Release|Win32
		{17BEB9AD-5DA8-4B49-9369-B6715831C381}.amd64|Win32.Build.0 = Release|Win32
		{17BEB9AD-5DA8-4B49-9369-B6715831C381}.amd64|x64.ActiveCfg = Release|Win32
		{17BEB9AD-5DA8-4B49-9369-B6715831C381}.Debug|Win32.ActiveCfg = Debug|Win32
		{17BEB9AD-5DA8-4B49-9369-B6715831C381}.Debug|Win32.Build.0 = Debug|Win32
		{17BEB9AD-5DA8-4B49-9369-B6715831C381}.Debug|x64.ActiveCfg = Debug|x64
		{17BEB9AD-5DA8-4B49-9369-B6715831C381}.Debug|x64.Build.0 = Debug|x64
		{17BEB9AD-5DA8-4B49-9369-B6715831C381}.Release|Win32.ActiveCfg = Release|Win32
		{17BEB9AD-5DA8-4B49-9369-B6715831C381}.Release|Win32.Build.0 = Release|Win32
		{17BEB9AD-5DA8-4B49-9369-B6715831C381}.Release|x64.ActiveCfg = Release|x64
		{17BEB9AD-5DA8-4B49-9369-B6715831C381}.Release|x64.Build.0 = Release|x64
		{1973C87A-52A5-46BD-82F4-9A02FAAEFCD2}.amd64|Win32.ActiveCfg = Release|Win32
		{1973C87A-52A5-46BD-82F4-9A02FAAEFCD2}.amd64|Win32.Build.0 = Release|Win32
		{1973C87A-52A5-46BD-82F4-9A02FAAEFCD2}.amd64|x64.ActiveCfg = Release|x64
		{1973C87A-52A5-46BD-82F4-9A02FAAEFCD2}.amd64|x64.Build.0 = Release|x64
		{1973C87A-52A5-46BD-82F4-9A02FAAEFCD2}.Debug|Win32.ActiveCfg = Debug|Win32
		{1973C87A-52A5-46BD-82F4-9A02FAAEFCD2}.Debug|Win32.Build.0 = Debug|Win32
		{1973C87A-52A5-46BD-82F4-9A02FAAEFCD2}.Debug|x64.ActiveCfg = Debug|x64
		{1973C87A-52A5-46BD-82F4-9A02FAAEFCD2}.Debug|x64.Build.0 = Debug|x64
		{1973C87A-52A5-46BD-82F4-9A02FAAEFCD2}.Release|Win32.ActiveCfg = Release|Win32
		{1973C87A-52A5-46BD-82F4-9A02FAAEFCD2}.Release|Win32.Build.0 = Release|Win32
		{1973C87A-52A5-46BD-82F4-9A02FAAEFCD2}.Release|x64.ActiveCfg = Release|x64
		{1973C87A-52A5-46BD-82F4-9A02FAAEFCD2}.Release|x64.Build.0 = Release|x64
	EndGlobalSection
	GlobalSection(SolutionProperties) = preSolution
		HideSolutionNode = FALSE
	EndGlobalSection
EndGlobal
