Microsoft Visual Studio Solution File, Format Version 12.00
# Visual Studio 14
VisualStudioVersion = 14.0.23107.0
MinimumVisualStudioVersion = 10.0.40219.1
Project("{FAE04EC0-301F-11D3-BF4B-00C04F79EFBC}") = "VSIX", "VSIX.csproj", "{B220EE7C-4144-4519-A6D8-23FB9DCE83EA}"
EndProject
Project("{2150E333-8FDC-42A3-9474-1A3956D46DE8}") = ".build", "..\.build", "{0A1D534D-E8C3-4212-97E7-6FD9974C3343}"
	ProjectSection(SolutionItems) = preProject
		Build.proj = Build.proj
		.build\MSBuild.Community.Tasks.dll = .build\MSBuild.Community.Tasks.dll
		.build\MSBuild.Community.Tasks.targets = .build\MSBuild.Community.Tasks.targets
	EndProjectSection
EndProject
Global
	GlobalSection(SolutionConfigurationPlatforms) = preSolution
		Debug|Any CPU = Debug|Any CPU
		Release|Any CPU = Release|Any CPU
	EndGlobalSection
	GlobalSection(ProjectConfigurationPlatforms) = postSolution
		{B220EE7C-4144-4519-A6D8-23FB9DCE83EA}.Debug|Any CPU.ActiveCfg = Debug|Any CPU
		{B220EE7C-4144-4519-A6D8-23FB9DCE83EA}.Debug|Any CPU.Build.0 = Debug|Any CPU
		{B220EE7C-4144-4519-A6D8-23FB9DCE83EA}.Release|Any CPU.ActiveCfg = Release|Any CPU
		{B220EE7C-4144-4519-A6D8-23FB9DCE83EA}.Release|Any CPU.Build.0 = Release|Any CPU
	EndGlobalSection
	GlobalSection(SolutionProperties) = preSolution
		HideSolutionNode = FALSE
	EndGlobalSection
EndGlobal
