
Microsoft Visual Studio Solution File, Format Version 12.00
# Visual Studio 14
VisualStudioVersion = 14.0.23107.0
MinimumVisualStudioVersion = 10.0.40219.1
Project("{2150E333-8FDC-42A3-9474-1A3956D46DE8}") = "Platform", "Platform", "{4F27C5FE-530A-46A8-80C0-04390C010290}"
EndProject
Project("{8BC9CEB8-8B4A-11D0-8D11-00A0C91BC942}") = "Common", "..\..\Platform\Common\Common.vcxproj", "{4D445253-3BBA-455D-B324-ECE00D4FE480}"
EndProject
Project("{8BC9CEB8-8B4A-11D0-8D11-00A0C91BC942}") = "BridgeRT", "..\..\Platform\BridgeRT\BridgeRT.vcxproj", "{2783A617-8E1D-40D1-9684-DFAEB8DD5406}"
EndProject
Project("{2150E333-8FDC-42A3-9474-1A3956D46DE8}") = "BACnetAdapter", "BACnetAdapter", "{610BF0CA-5A14-4BC8-9BC7-CDA1CB046876}"
EndProject
Project("{8BC9CEB8-8B4A-11D0-8D11-00A0C91BC942}") = "AdapterLib", "AdapterLib\AdapterLib.vcxproj", "{15CFDC01-803D-4F0B-AF15-9279D12C1C26}"
	ProjectSection(ProjectDependencies) = postProject
		{6D42B11A-84DA-46DB-9D08-319329D51473} = {6D42B11A-84DA-46DB-9D08-319329D51473}
		{2001A15D-2D0E-4FFA-8B90-5E7938AE6ECF} = {2001A15D-2D0E-4FFA-8B90-5E7938AE6ECF}
		{D0875CC6-8B68-404C-ABD7-823FE0C084DD} = {D0875CC6-8B68-404C-ABD7-823FE0C084DD}
	EndProjectSection
EndProject
Project("{8BC9CEB8-8B4A-11D0-8D11-00A0C91BC942}") = "HeadedAdapterApp", "HeadedAdapterApp\HeadedAdapterApp.vcxproj", "{7753F89A-EFE7-4219-9104-E069DFACDF15}"
EndProject
Project("{8BC9CEB8-8B4A-11D0-8D11-00A0C91BC942}") = "HeadlessAdapterApp", "HeadlessAdapterApp\HeadlessAdapterApp.vcxproj", "{696D56C6-5A33-4B7B-BD0A-336955D4302A}"
EndProject
Project("{8BC9CEB8-8B4A-11D0-8D11-00A0C91BC942}") = "BACnet_Handler_Library", "bacnet-stack-0.8.2\ports\win32\Microsoft Visual Studio 2015\BACnet_Handler_Library\BACnet_Handler_Library.vcxproj", "{2001A15D-2D0E-4FFA-8B90-5E7938AE6ECF}"
EndProject
Project("{8BC9CEB8-8B4A-11D0-8D11-00A0C91BC942}") = "BACnet_Object_Definitions", "bacnet-stack-0.8.2\ports\win32\Microsoft Visual Studio 2015\BACnet_Object_Definitions\BACnet_Object_Definitions.vcxproj", "{6D42B11A-84DA-46DB-9D08-319329D51473}"
EndProject
Project("{8BC9CEB8-8B4A-11D0-8D11-00A0C91BC942}") = "BACnet_Stack_Library", "bacnet-stack-0.8.2\ports\win32\Microsoft Visual Studio 2015\BACnet_Stack_Library\BACnet_Stack_Library.vcxproj", "{D0875CC6-8B68-404C-ABD7-823FE0C084DD}"
EndProject
Global
	GlobalSection(SolutionConfigurationPlatforms) = preSolution
		Debug|x64 = Debug|x64
		Debug|x86 = Debug|x86
		Release|x64 = Release|x64
		Release|x86 = Release|x86
	EndGlobalSection
	GlobalSection(ProjectConfigurationPlatforms) = postSolution
		{4D445253-3BBA-455D-B324-ECE00D4FE480}.Debug|x64.ActiveCfg = Debug|x64
		{4D445253-3BBA-455D-B324-ECE00D4FE480}.Debug|x64.Build.0 = Debug|x64
		{4D445253-3BBA-455D-B324-ECE00D4FE480}.Debug|x86.ActiveCfg = Debug|Win32
		{4D445253-3BBA-455D-B324-ECE00D4FE480}.Debug|x86.Build.0 = Debug|Win32
		{4D445253-3BBA-455D-B324-ECE00D4FE480}.Release|x64.ActiveCfg = Release|x64
		{4D445253-3BBA-455D-B324-ECE00D4FE480}.Release|x64.Build.0 = Release|x64
		{4D445253-3BBA-455D-B324-ECE00D4FE480}.Release|x86.ActiveCfg = Release|Win32
		{4D445253-3BBA-455D-B324-ECE00D4FE480}.Release|x86.Build.0 = Release|Win32
		{2783A617-8E1D-40D1-9684-DFAEB8DD5406}.Debug|x64.ActiveCfg = Debug|x64
		{2783A617-8E1D-40D1-9684-DFAEB8DD5406}.Debug|x64.Build.0 = Debug|x64
		{2783A617-8E1D-40D1-9684-DFAEB8DD5406}.Debug|x86.ActiveCfg = Debug|Win32
		{2783A617-8E1D-40D1-9684-DFAEB8DD5406}.Debug|x86.Build.0 = Debug|Win32
		{2783A617-8E1D-40D1-9684-DFAEB8DD5406}.Release|x64.ActiveCfg = Release|x64
		{2783A617-8E1D-40D1-9684-DFAEB8DD5406}.Release|x64.Build.0 = Release|x64
		{2783A617-8E1D-40D1-9684-DFAEB8DD5406}.Release|x86.ActiveCfg = Release|Win32
		{2783A617-8E1D-40D1-9684-DFAEB8DD5406}.Release|x86.Build.0 = Release|Win32
		{15CFDC01-803D-4F0B-AF15-9279D12C1C26}.Debug|x64.ActiveCfg = Debug|x64
		{15CFDC01-803D-4F0B-AF15-9279D12C1C26}.Debug|x64.Build.0 = Debug|x64
		{15CFDC01-803D-4F0B-AF15-9279D12C1C26}.Debug|x86.ActiveCfg = Debug|Win32
		{15CFDC01-803D-4F0B-AF15-9279D12C1C26}.Debug|x86.Build.0 = Debug|Win32
		{15CFDC01-803D-4F0B-AF15-9279D12C1C26}.Release|x64.ActiveCfg = Release|x64
		{15CFDC01-803D-4F0B-AF15-9279D12C1C26}.Release|x64.Build.0 = Release|x64
		{15CFDC01-803D-4F0B-AF15-9279D12C1C26}.Release|x86.ActiveCfg = Release|Win32
		{15CFDC01-803D-4F0B-AF15-9279D12C1C26}.Release|x86.Build.0 = Release|Win32
		{7753F89A-EFE7-4219-9104-E069DFACDF15}.Debug|x64.ActiveCfg = Debug|x64
		{7753F89A-EFE7-4219-9104-E069DFACDF15}.Debug|x64.Build.0 = Debug|x64
		{7753F89A-EFE7-4219-9104-E069DFACDF15}.Debug|x64.Deploy.0 = Debug|x64
		{7753F89A-EFE7-4219-9104-E069DFACDF15}.Debug|x86.ActiveCfg = Debug|Win32
		{7753F89A-EFE7-4219-9104-E069DFACDF15}.Debug|x86.Build.0 = Debug|Win32
		{7753F89A-EFE7-4219-9104-E069DFACDF15}.Debug|x86.Deploy.0 = Debug|Win32
		{7753F89A-EFE7-4219-9104-E069DFACDF15}.Release|x64.ActiveCfg = Release|x64
		{7753F89A-EFE7-4219-9104-E069DFACDF15}.Release|x64.Build.0 = Release|x64
		{7753F89A-EFE7-4219-9104-E069DFACDF15}.Release|x64.Deploy.0 = Release|x64
		{7753F89A-EFE7-4219-9104-E069DFACDF15}.Release|x86.ActiveCfg = Release|Win32
		{7753F89A-EFE7-4219-9104-E069DFACDF15}.Release|x86.Build.0 = Release|Win32
		{7753F89A-EFE7-4219-9104-E069DFACDF15}.Release|x86.Deploy.0 = Release|Win32
		{696D56C6-5A33-4B7B-BD0A-336955D4302A}.Debug|x64.ActiveCfg = Debug|x64
		{696D56C6-5A33-4B7B-BD0A-336955D4302A}.Debug|x64.Build.0 = Debug|x64
		{696D56C6-5A33-4B7B-BD0A-336955D4302A}.Debug|x64.Deploy.0 = Debug|x64
		{696D56C6-5A33-4B7B-BD0A-336955D4302A}.Debug|x86.ActiveCfg = Debug|Win32
		{696D56C6-5A33-4B7B-BD0A-336955D4302A}.Debug|x86.Build.0 = Debug|Win32
		{696D56C6-5A33-4B7B-BD0A-336955D4302A}.Debug|x86.Deploy.0 = Debug|Win32
		{696D56C6-5A33-4B7B-BD0A-336955D4302A}.Release|x64.ActiveCfg = Release|x64
		{696D56C6-5A33-4B7B-BD0A-336955D4302A}.Release|x64.Build.0 = Release|x64
		{696D56C6-5A33-4B7B-BD0A-336955D4302A}.Release|x64.Deploy.0 = Release|x64
		{696D56C6-5A33-4B7B-BD0A-336955D4302A}.Release|x86.ActiveCfg = Release|Win32
		{696D56C6-5A33-4B7B-BD0A-336955D4302A}.Release|x86.Build.0 = Release|Win32
		{696D56C6-5A33-4B7B-BD0A-336955D4302A}.Release|x86.Deploy.0 = Release|Win32
		{2001A15D-2D0E-4FFA-8B90-5E7938AE6ECF}.Debug|x64.ActiveCfg = Debug|x64
		{2001A15D-2D0E-4FFA-8B90-5E7938AE6ECF}.Debug|x64.Build.0 = Debug|x64
		{2001A15D-2D0E-4FFA-8B90-5E7938AE6ECF}.Debug|x86.ActiveCfg = Debug|Win32
		{2001A15D-2D0E-4FFA-8B90-5E7938AE6ECF}.Debug|x86.Build.0 = Debug|Win32
		{2001A15D-2D0E-4FFA-8B90-5E7938AE6ECF}.Release|x64.ActiveCfg = Release|x64
		{2001A15D-2D0E-4FFA-8B90-5E7938AE6ECF}.Release|x64.Build.0 = Release|x64
		{2001A15D-2D0E-4FFA-8B90-5E7938AE6ECF}.Release|x86.ActiveCfg = Release|Win32
		{2001A15D-2D0E-4FFA-8B90-5E7938AE6ECF}.Release|x86.Build.0 = Release|Win32
		{6D42B11A-84DA-46DB-9D08-319329D51473}.Debug|x64.ActiveCfg = Debug|x64
		{6D42B11A-84DA-46DB-9D08-319329D51473}.Debug|x64.Build.0 = Debug|x64
		{6D42B11A-84DA-46DB-9D08-319329D51473}.Debug|x86.ActiveCfg = Debug|Win32
		{6D42B11A-84DA-46DB-9D08-319329D51473}.Debug|x86.Build.0 = Debug|Win32
		{6D42B11A-84DA-46DB-9D08-319329D51473}.Release|x64.ActiveCfg = Release|x64
		{6D42B11A-84DA-46DB-9D08-319329D51473}.Release|x64.Build.0 = Release|x64
		{6D42B11A-84DA-46DB-9D08-319329D51473}.Release|x86.ActiveCfg = Release|Win32
		{6D42B11A-84DA-46DB-9D08-319329D51473}.Release|x86.Build.0 = Release|Win32
		{D0875CC6-8B68-404C-ABD7-823FE0C084DD}.Debug|x64.ActiveCfg = Debug|x64
		{D0875CC6-8B68-404C-ABD7-823FE0C084DD}.Debug|x64.Build.0 = Debug|x64
		{D0875CC6-8B68-404C-ABD7-823FE0C084DD}.Debug|x86.ActiveCfg = Debug|Win32
		{D0875CC6-8B68-404C-ABD7-823FE0C084DD}.Debug|x86.Build.0 = Debug|Win32
		{D0875CC6-8B68-404C-ABD7-823FE0C084DD}.Release|x64.ActiveCfg = Release|x64
		{D0875CC6-8B68-404C-ABD7-823FE0C084DD}.Release|x64.Build.0 = Release|x64
		{D0875CC6-8B68-404C-ABD7-823FE0C084DD}.Release|x86.ActiveCfg = Release|Win32
		{D0875CC6-8B68-404C-ABD7-823FE0C084DD}.Release|x86.Build.0 = Release|Win32
	EndGlobalSection
	GlobalSection(SolutionProperties) = preSolution
		HideSolutionNode = FALSE
	EndGlobalSection
	GlobalSection(NestedProjects) = preSolution
		{4D445253-3BBA-455D-B324-ECE00D4FE480} = {4F27C5FE-530A-46A8-80C0-04390C010290}
		{2783A617-8E1D-40D1-9684-DFAEB8DD5406} = {4F27C5FE-530A-46A8-80C0-04390C010290}
		{15CFDC01-803D-4F0B-AF15-9279D12C1C26} = {610BF0CA-5A14-4BC8-9BC7-CDA1CB046876}
		{7753F89A-EFE7-4219-9104-E069DFACDF15} = {610BF0CA-5A14-4BC8-9BC7-CDA1CB046876}
		{696D56C6-5A33-4B7B-BD0A-336955D4302A} = {610BF0CA-5A14-4BC8-9BC7-CDA1CB046876}
		{2001A15D-2D0E-4FFA-8B90-5E7938AE6ECF} = {610BF0CA-5A14-4BC8-9BC7-CDA1CB046876}
		{6D42B11A-84DA-46DB-9D08-319329D51473} = {610BF0CA-5A14-4BC8-9BC7-CDA1CB046876}
		{D0875CC6-8B68-404C-ABD7-823FE0C084DD} = {610BF0CA-5A14-4BC8-9BC7-CDA1CB046876}
	EndGlobalSection
EndGlobal
