
Microsoft Visual Studio Solution File, Format Version 12.00
# Visual Studio 14
VisualStudioVersion = 14.0.23107.0
MinimumVisualStudioVersion = 10.0.40219.1
Project("{8BC9CEB8-8B4A-11D0-8D11-00A0C91BC942}") = "BridgeRT", "..\..\..\Platform\BridgeRT\BridgeRT.vcxproj", "{2783A617-8E1D-40D1-9684-DFAEB8DD5406}"
EndProject
Project("{8BC9CEB8-8B4A-11D0-8D11-00A0C91BC942}") = "HeadedAdapterApp", "HeadedAdapterApp\HeadedAdapterApp.vcxproj", "{56824402-BEAC-47D0-9FCE-60C17B843863}"
EndProject
Project("{8BC9CEB8-8B4A-11D0-8D11-00A0C91BC942}") = "HeadlessAdapterApp", "HeadlessAdapterApp\HeadlessAdapterApp.vcxproj", "{FF83E5D3-4F9D-47ED-82B6-B1FD087CDBCA}"
	ProjectSection(ProjectDependencies) = postProject
		{2783A617-8E1D-40D1-9684-DFAEB8DD5406} = {2783A617-8E1D-40D1-9684-DFAEB8DD5406}
	EndProjectSection
EndProject
Project("{8BC9CEB8-8B4A-11D0-8D11-00A0C91BC942}") = "AdapterLib", "AdapterLib\AdapterLib.vcxproj", "{8D539C08-EA54-475F-B691-7BD8B8B67956}"
EndProject
Global
	GlobalSection(SolutionConfigurationPlatforms) = preSolution
		Debug|ARM = Debug|ARM
		Debug|Win32 = Debug|Win32
		Debug|x64 = Debug|x64
		Release|ARM = Release|ARM
		Release|Win32 = Release|Win32
		Release|x64 = Release|x64
	EndGlobalSection
	GlobalSection(ProjectConfigurationPlatforms) = postSolution
		{2783A617-8E1D-40D1-9684-DFAEB8DD5406}.Debug|ARM.ActiveCfg = Debug|ARM
		{2783A617-8E1D-40D1-9684-DFAEB8DD5406}.Debug|ARM.Build.0 = Debug|ARM
		{2783A617-8E1D-40D1-9684-DFAEB8DD5406}.Debug|Win32.ActiveCfg = Debug|Win32
		{2783A617-8E1D-40D1-9684-DFAEB8DD5406}.Debug|Win32.Build.0 = Debug|Win32
		{2783A617-8E1D-40D1-9684-DFAEB8DD5406}.Debug|Win32.Deploy.0 = Debug|Win32
		{2783A617-8E1D-40D1-9684-DFAEB8DD5406}.Debug|x64.ActiveCfg = Debug|x64
		{2783A617-8E1D-40D1-9684-DFAEB8DD5406}.Debug|x64.Build.0 = Debug|x64
		{2783A617-8E1D-40D1-9684-DFAEB8DD5406}.Debug|x64.Deploy.0 = Debug|x64
		{2783A617-8E1D-40D1-9684-DFAEB8DD5406}.Release|ARM.ActiveCfg = Release|ARM
		{2783A617-8E1D-40D1-9684-DFAEB8DD5406}.Release|ARM.Build.0 = Release|ARM
		{2783A617-8E1D-40D1-9684-DFAEB8DD5406}.Release|Win32.ActiveCfg = Release|Win32
		{2783A617-8E1D-40D1-9684-DFAEB8DD5406}.Release|Win32.Build.0 = Release|Win32
		{2783A617-8E1D-40D1-9684-DFAEB8DD5406}.Release|Win32.Deploy.0 = Release|Win32
		{2783A617-8E1D-40D1-9684-DFAEB8DD5406}.Release|x64.ActiveCfg = Release|x64
		{2783A617-8E1D-40D1-9684-DFAEB8DD5406}.Release|x64.Build.0 = Release|x64
		{2783A617-8E1D-40D1-9684-DFAEB8DD5406}.Release|x64.Deploy.0 = Release|x64
		{56824402-BEAC-47D0-9FCE-60C17B843863}.Debug|ARM.ActiveCfg = Debug|ARM
		{56824402-BEAC-47D0-9FCE-60C17B843863}.Debug|ARM.Build.0 = Debug|ARM
		{56824402-BEAC-47D0-9FCE-60C17B843863}.Debug|ARM.Deploy.0 = Debug|ARM
		{56824402-BEAC-47D0-9FCE-60C17B843863}.Debug|Win32.ActiveCfg = Debug|Win32
		{56824402-BEAC-47D0-9FCE-60C17B843863}.Debug|Win32.Build.0 = Debug|Win32
		{56824402-BEAC-47D0-9FCE-60C17B843863}.Debug|Win32.Deploy.0 = Debug|Win32
		{56824402-BEAC-47D0-9FCE-60C17B843863}.Debug|x64.ActiveCfg = Debug|x64
		{56824402-BEAC-47D0-9FCE-60C17B843863}.Debug|x64.Build.0 = Debug|x64
		{56824402-BEAC-47D0-9FCE-60C17B843863}.Debug|x64.Deploy.0 = Debug|x64
		{56824402-BEAC-47D0-9FCE-60C17B843863}.Release|ARM.ActiveCfg = Release|ARM
		{56824402-BEAC-47D0-9FCE-60C17B843863}.Release|ARM.Build.0 = Release|ARM
		{56824402-BEAC-47D0-9FCE-60C17B843863}.Release|ARM.Deploy.0 = Release|ARM
		{56824402-BEAC-47D0-9FCE-60C17B843863}.Release|Win32.ActiveCfg = Release|Win32
		{56824402-BEAC-47D0-9FCE-60C17B843863}.Release|Win32.Build.0 = Release|Win32
		{56824402-BEAC-47D0-9FCE-60C17B843863}.Release|Win32.Deploy.0 = Release|Win32
		{56824402-BEAC-47D0-9FCE-60C17B843863}.Release|x64.ActiveCfg = Release|x64
		{56824402-BEAC-47D0-9FCE-60C17B843863}.Release|x64.Build.0 = Release|x64
		{56824402-BEAC-47D0-9FCE-60C17B843863}.Release|x64.Deploy.0 = Release|x64
		{FF83E5D3-4F9D-47ED-82B6-B1FD087CDBCA}.Debug|ARM.ActiveCfg = Debug|ARM
		{FF83E5D3-4F9D-47ED-82B6-B1FD087CDBCA}.Debug|ARM.Build.0 = Debug|ARM
		{FF83E5D3-4F9D-47ED-82B6-B1FD087CDBCA}.Debug|Win32.ActiveCfg = Debug|Win32
		{FF83E5D3-4F9D-47ED-82B6-B1FD087CDBCA}.Debug|Win32.Build.0 = Debug|Win32
		{FF83E5D3-4F9D-47ED-82B6-B1FD087CDBCA}.Debug|Win32.Deploy.0 = Debug|Win32
		{FF83E5D3-4F9D-47ED-82B6-B1FD087CDBCA}.Debug|x64.ActiveCfg = Debug|x64
		{FF83E5D3-4F9D-47ED-82B6-B1FD087CDBCA}.Debug|x64.Build.0 = Debug|x64
		{FF83E5D3-4F9D-47ED-82B6-B1FD087CDBCA}.Debug|x64.Deploy.0 = Debug|x64
		{FF83E5D3-4F9D-47ED-82B6-B1FD087CDBCA}.Release|ARM.ActiveCfg = Release|ARM
		{FF83E5D3-4F9D-47ED-82B6-B1FD087CDBCA}.Release|ARM.Build.0 = Release|ARM
		{FF83E5D3-4F9D-47ED-82B6-B1FD087CDBCA}.Release|Win32.ActiveCfg = Release|Win32
		{FF83E5D3-4F9D-47ED-82B6-B1FD087CDBCA}.Release|Win32.Build.0 = Release|Win32
		{FF83E5D3-4F9D-47ED-82B6-B1FD087CDBCA}.Release|Win32.Deploy.0 = Release|Win32
		{FF83E5D3-4F9D-47ED-82B6-B1FD087CDBCA}.Release|x64.ActiveCfg = Release|x64
		{FF83E5D3-4F9D-47ED-82B6-B1FD087CDBCA}.Release|x64.Build.0 = Release|x64
		{8D539C08-EA54-475F-B691-7BD8B8B67956}.Debug|ARM.ActiveCfg = Debug|ARM
		{8D539C08-EA54-475F-B691-7BD8B8B67956}.Debug|ARM.Build.0 = Debug|ARM
		{8D539C08-EA54-475F-B691-7BD8B8B67956}.Debug|Win32.ActiveCfg = Debug|Win32
		{8D539C08-EA54-475F-B691-7BD8B8B67956}.Debug|Win32.Build.0 = Debug|Win32
		{8D539C08-EA54-475F-B691-7BD8B8B67956}.Debug|Win32.Deploy.0 = Debug|Win32
		{8D539C08-EA54-475F-B691-7BD8B8B67956}.Debug|x64.ActiveCfg = Debug|x64
		{8D539C08-EA54-475F-B691-7BD8B8B67956}.Debug|x64.Build.0 = Debug|x64
		{8D539C08-EA54-475F-B691-7BD8B8B67956}.Debug|x64.Deploy.0 = Debug|x64
		{8D539C08-EA54-475F-B691-7BD8B8B67956}.Release|ARM.ActiveCfg = Release|ARM
		{8D539C08-EA54-475F-B691-7BD8B8B67956}.Release|ARM.Build.0 = Release|ARM
		{8D539C08-EA54-475F-B691-7BD8B8B67956}.Release|Win32.ActiveCfg = Release|Win32
		{8D539C08-EA54-475F-B691-7BD8B8B67956}.Release|Win32.Build.0 = Release|Win32
		{8D539C08-EA54-475F-B691-7BD8B8B67956}.Release|Win32.Deploy.0 = Release|Win32
		{8D539C08-EA54-475F-B691-7BD8B8B67956}.Release|x64.ActiveCfg = Release|x64
		{8D539C08-EA54-475F-B691-7BD8B8B67956}.Release|x64.Build.0 = Release|x64
		{8D539C08-EA54-475F-B691-7BD8B8B67956}.Release|x64.Deploy.0 = Release|x64
	EndGlobalSection
	GlobalSection(SolutionProperties) = preSolution
		HideSolutionNode = FALSE
	EndGlobalSection
EndGlobal
