
Microsoft Visual Studio Solution File, Format Version 12.00
# Visual Studio 14
VisualStudioVersion = 14.0.24720.0
MinimumVisualStudioVersion = 10.0.40219.1
Project("{FAE04EC0-301F-11D3-BF4B-00C04F79EFBC}") = "VSIX", "VSIX\VSIX.csproj", "{B220EE7C-4144-4519-A6D8-23FB9DCE83EA}"
EndProject
Project("{FAE04EC0-301F-11D3-BF4B-00C04F79EFBC}") = "CustomWizard", "CustomWizard\CustomWizard.csproj", "{9D7B51DB-BD89-4B2C-A5D5-9DC1526FAEC7}"
EndProject
Global
	GlobalSection(SolutionConfigurationPlatforms) = preSolution
		Debug|Any CPU = Debug|Any CPU
		Debug|Win32 = Debug|Win32
		Debug|x86 = Debug|x86
		Release|Any CPU = Release|Any CPU
		Release|Win32 = Release|Win32
		Release|x86 = Release|x86
	EndGlobalSection
	GlobalSection(ProjectConfigurationPlatforms) = postSolution
		{B220EE7C-4144-4519-A6D8-23FB9DCE83EA}.Debug|Any CPU.ActiveCfg = Debug|Any CPU
		{B220EE7C-4144-4519-A6D8-23FB9DCE83EA}.Debug|Any CPU.Build.0 = Debug|Any CPU
		{B220EE7C-4144-4519-A6D8-23FB9DCE83EA}.Debug|Win32.ActiveCfg = Debug|Any CPU
		{B220EE7C-4144-4519-A6D8-23FB9DCE83EA}.Debug|Win32.Build.0 = Debug|Any CPU
		{B220EE7C-4144-4519-A6D8-23FB9DCE83EA}.Debug|x86.ActiveCfg = Debug|Any CPU
		{B220EE7C-4144-4519-A6D8-23FB9DCE83EA}.Debug|x86.Build.0 = Debug|Any CPU
		{B220EE7C-4144-4519-A6D8-23FB9DCE83EA}.Release|Any CPU.ActiveCfg = Release|Any CPU
		{B220EE7C-4144-4519-A6D8-23FB9DCE83EA}.Release|Any CPU.Build.0 = Release|Any CPU
		{B220EE7C-4144-4519-A6D8-23FB9DCE83EA}.Release|Win32.ActiveCfg = Release|Any CPU
		{B220EE7C-4144-4519-A6D8-23FB9DCE83EA}.Release|Win32.Build.0 = Release|Any CPU
		{B220EE7C-4144-4519-A6D8-23FB9DCE83EA}.Release|x86.ActiveCfg = Release|Any CPU
		{B220EE7C-4144-4519-A6D8-23FB9DCE83EA}.Release|x86.Build.0 = Release|Any CPU
		{9D7B51DB-BD89-4B2C-A5D5-9DC1526FAEC7}.Debug|Any CPU.ActiveCfg = Debug|Any CPU
		{9D7B51DB-BD89-4B2C-A5D5-9DC1526FAEC7}.Debug|Any CPU.Build.0 = Debug|Any CPU
		{9D7B51DB-BD89-4B2C-A5D5-9DC1526FAEC7}.Debug|Win32.ActiveCfg = Debug|Any CPU
		{9D7B51DB-BD89-4B2C-A5D5-9DC1526FAEC7}.Debug|Win32.Build.0 = Debug|Any CPU
		{9D7B51DB-BD89-4B2C-A5D5-9DC1526FAEC7}.Debug|x86.ActiveCfg = Debug|Any CPU
		{9D7B51DB-BD89-4B2C-A5D5-9DC1526FAEC7}.Debug|x86.Build.0 = Debug|Any CPU
		{9D7B51DB-BD89-4B2C-A5D5-9DC1526FAEC7}.Release|Any CPU.ActiveCfg = Release|Any CPU
		{9D7B51DB-BD89-4B2C-A5D5-9DC1526FAEC7}.Release|Any CPU.Build.0 = Release|Any CPU
		{9D7B51DB-BD89-4B2C-A5D5-9DC1526FAEC7}.Release|Win32.ActiveCfg = Release|Any CPU
		{9D7B51DB-BD89-4B2C-A5D5-9DC1526FAEC7}.Release|Win32.Build.0 = Release|Any CPU
		{9D7B51DB-BD89-4B2C-A5D5-9DC1526FAEC7}.Release|x86.ActiveCfg = Release|Any CPU
		{9D7B51DB-BD89-4B2C-A5D5-9DC1526FAEC7}.Release|x86.Build.0 = Release|Any CPU
	EndGlobalSection
	GlobalSection(SolutionProperties) = preSolution
		HideSolutionNode = FALSE
	EndGlobalSection
EndGlobal
