<?xml version="1.0" encoding="utf-8"?>
<Project ToolsVersion="14.0" xmlns="http://schemas.microsoft.com/developer/msbuild/2003">
  <ItemGroup>
    <Filter Include="Package Dependencies">
      <UniqueIdentifier>29c5e3f6-028a-4981-b026-cbf29d60b139</UniqueIdentifier>
      <Extensions>pfx;appxmanifest;config</Extensions>
    </Filter>
    <Filter Include="Package Dependencies\Assets">
      <UniqueIdentifier>0aa60f72-6307-4e9a-b1aa-ea484f65ab38</UniqueIdentifier>
      <Extensions>png</Extensions>
    </Filter>
    <Filter Include="Package Dependencies\Include">
      <UniqueIdentifier>a5e82810-b257-45a5-a97d-c80064bd436d</UniqueIdentifier>
    </Filter>
  </ItemGroup>
  <ItemGroup>
    <ClCompile Include="ArduinoLcdLibrary.ino" />
    <ClCompile Include="LcdController.cpp" />
  </ItemGroup>
  <ItemGroup>
    <ClInclude Include="pch.h">
      <Filter>Package Dependencies\Include</Filter>
    </ClInclude>
    <ClInclude Include="PinNumbers.h">
      <Filter>Package Dependencies\Include</Filter>
    </ClInclude>
    <ClInclude Include="LcdController.h" />
  </ItemGroup>
  <ItemGroup>
    <Image Include="Assets\LockScreenLogo.scale-200.png">
      <Filter>Package Dependencies\Assets</Filter>
    </Image>
    <Image Include="Assets\SplashScreen.scale-200.png">
      <Filter>Package Dependencies\Assets</Filter>
    </Image>
    <Image Include="Assets\Square150x150Logo.scale-200.png">
      <Filter>Package Dependencies\Assets</Filter>
    </Image>
    <Image Include="Assets\Square44x44Logo.scale-200.png">
      <Filter>Package Dependencies\Assets</Filter>
    </Image>
    <Image Include="Assets\Square44x44Logo.targetsize-24_altform-unplated.png">
      <Filter>Package Dependencies\Assets</Filter>
    </Image>
    <Image Include="Assets\StoreLogo.png">
      <Filter>Package Dependencies\Assets</Filter>
    </Image>
    <Image Include="Assets\Wide310x150Logo.scale-200.png">
      <Filter>Package Dependencies\Assets</Filter>
    </Image>
  </ItemGroup>
  <ItemGroup>
    <AppxManifest Include="Package.appxmanifest">
      <Filter>Package Dependencies</Filter>
    </AppxManifest>
  </ItemGroup>
  <ItemGroup>
    <None Include="packages.config">
      <Filter>Package Dependencies</Filter>
    </None>
    <None Include="ArduinoLcdLibrary_TemporaryKey.pfx">
      <Filter>Package Dependencies</Filter>
    </None>
  </ItemGroup>
</Project>