<?xml version="1.0" encoding="utf-8"?>
<Project ToolsVersion="14.0" xmlns="http://schemas.microsoft.com/developer/msbuild/2003">
  <ItemGroup>
    <Filter Include="Resources">
      <UniqueIdentifier>b12c430e-ec2a-425d-8e8f-1fa84f6bd0e4</UniqueIdentifier>
      <Extensions>rc;ico;cur;bmp;dlg;rc2;rct;bin;rgs;gif;jpg;jpeg;jpe;resx;tga;tiff;tif;png;wav;mfcribbon-ms</Extensions>
    </Filter>
  </ItemGroup>
  <ItemGroup>
    <ClCompile Include="pch.cpp" />
    <ClCompile Include="AllJoynBusObjectManager.cpp" />
    <ClCompile Include="AllJoynHelpers.cpp" />
    <ClCompile Include="ControlPanelConsumer.cpp" />
    <ClCompile Include="ControlPanelProducer.cpp" />
    <ClCompile Include="ControlPanelServiceEventAdapter.cpp" />
    <ClCompile Include="ControlPanelServiceEventArgs.cpp" />
    <ClCompile Include="ControlPanelSignals.cpp" />
    <ClCompile Include="ControlPanelWatcher.cpp" />
    <ClCompile Include="TypeConversionHelpers.cpp" />
  </ItemGroup>
  <ItemGroup>
    <ClInclude Include="pch.h" />
    <ClInclude Include="AllJoynBusObjectManager.h" />
    <ClInclude Include="AllJoynHelpers.h" />
    <ClInclude Include="ControlPanelConsumer.h" />
    <ClInclude Include="ControlPanelEventArgs.h" />
    <ClInclude Include="ControlPanelMethodResults.h" />
    <ClInclude Include="ControlPanelProducer.h" />
    <ClInclude Include="ControlPanelServiceEventAdapter.h" />
    <ClInclude Include="ControlPanelServiceEventArgs.h" />
    <ClInclude Include="ControlPanelSignals.h" />
    <ClInclude Include="ControlPanelStructures.h" />
    <ClInclude Include="ControlPanelWatcher.h" />
    <ClInclude Include="IControlPanelService.h" />
    <ClInclude Include="TypeConversionHelpers.h" />
  </ItemGroup>
</Project>