
Microsoft Visual Studio Solution File, Format Version 12.00
# Visual Studio 14
VisualStudioVersion = 14.0.24720.0
MinimumVisualStudioVersion = 10.0.40219.1
Project("{FAE04EC0-301F-11D3-BF4B-00C04F79EFBC}") = "HeadedAdapterApp", "HeadedAdapterApp\HeadedAdapterApp.csproj", "{31EB47F3-5810-4439-AB31-99559965C58B}"
EndProject
Project("{FAE04EC0-301F-11D3-BF4B-00C04F79EFBC}") = "AdapterLib", "AdapterLib\AdapterLib.csproj", "{5254F40C-CD4C-48F9-9C55-8040F071F1B4}"
	ProjectSection(ProjectDependencies) = postProject
		{2783A617-8E1D-40D1-9684-DFAEB8DD5406} = {2783A617-8E1D-40D1-9684-DFAEB8DD5406}
	EndProjectSection
EndProject
Project("{FAE04EC0-301F-11D3-BF4B-00C04F79EFBC}") = "HeadlessAdapterApp", "HeadlessAdapterApp\HeadlessAdapterApp.csproj", "{4C87DC5C-B33B-47D5-B199-EFC20547AA66}"
EndProject
Project("{8BC9CEB8-8B4A-11D0-8D11-00A0C91BC942}") = "BridgeRT", "..\..\Platform\BridgeRT\BridgeRT.vcxproj", "{2783A617-8E1D-40D1-9684-DFAEB8DD5406}"
EndProject
Project("{FAE04EC0-301F-11D3-BF4B-00C04F79EFBC}") = "AdapterLibTest", "AdapterLibTest\AdapterLibTest.csproj", "{FD45DF49-67F1-44F7-8A95-EA72EC1BEBF6}"
EndProject
Project("{2150E333-8FDC-42A3-9474-1A3956D46DE8}") = "Platform", "Platform", "{41DD5A6D-DAD2-4209-9DA1-0014DC4D656C}"
EndProject
Project("{2150E333-8FDC-42A3-9474-1A3956D46DE8}") = "ZigBeeAdapter", "ZigBeeAdapter", "{599CB563-97F8-410E-B3C7-DA420CD946CB}"
EndProject
Project("{2150E333-8FDC-42A3-9474-1A3956D46DE8}") = "Tests", "Tests", "{83FFD51B-CD37-4C55-A346-14F32EBD9853}"
EndProject
Project("{8BC9CEB8-8B4A-11D0-8D11-00A0C91BC942}") = "BackgroundHost", "..\..\Platform\BackgroundHost\BackgroundHost\BackgroundHost.vcxproj", "{98B5350D-3B67-4109-9CD5-1A675295C461}"
EndProject
Project("{8BC9CEB8-8B4A-11D0-8D11-00A0C91BC942}") = "BackgroundHost.Headed", "..\..\Platform\BackgroundHost\BackgroundHost.Headed\BackgroundHost.Headed.vcxproj", "{0184C325-C1DF-4305-B202-324CB0413377}"
EndProject
Project("{8BC9CEB8-8B4A-11D0-8D11-00A0C91BC942}") = "BackgroundHost.Headless", "..\..\Platform\BackgroundHost\BackgroundHost.Headless\BackgroundHost.Headless.vcxproj", "{14882A0F-8926-4837-8E25-06D3F58B1DF8}"
EndProject
Global
	GlobalSection(SolutionConfigurationPlatforms) = preSolution
		Debug|ARM = Debug|ARM
		Debug|x64 = Debug|x64
		Debug|x86 = Debug|x86
		Release|ARM = Release|ARM
		Release|x64 = Release|x64
		Release|x86 = Release|x86
	EndGlobalSection
	GlobalSection(ProjectConfigurationPlatforms) = postSolution
		{31EB47F3-5810-4439-AB31-99559965C58B}.Debug|ARM.ActiveCfg = Debug|ARM
		{31EB47F3-5810-4439-AB31-99559965C58B}.Debug|ARM.Build.0 = Debug|ARM
		{31EB47F3-5810-4439-AB31-99559965C58B}.Debug|ARM.Deploy.0 = Debug|ARM
		{31EB47F3-5810-4439-AB31-99559965C58B}.Debug|x64.ActiveCfg = Debug|x64
		{31EB47F3-5810-4439-AB31-99559965C58B}.Debug|x64.Build.0 = Debug|x64
		{31EB47F3-5810-4439-AB31-99559965C58B}.Debug|x64.Deploy.0 = Debug|x64
		{31EB47F3-5810-4439-AB31-99559965C58B}.Debug|x86.ActiveCfg = Debug|x86
		{31EB47F3-5810-4439-AB31-99559965C58B}.Debug|x86.Build.0 = Debug|x86
		{31EB47F3-5810-4439-AB31-99559965C58B}.Debug|x86.Deploy.0 = Debug|x86
		{31EB47F3-5810-4439-AB31-99559965C58B}.Release|ARM.ActiveCfg = Release|ARM
		{31EB47F3-5810-4439-AB31-99559965C58B}.Release|ARM.Build.0 = Release|ARM
		{31EB47F3-5810-4439-AB31-99559965C58B}.Release|ARM.Deploy.0 = Release|ARM
		{31EB47F3-5810-4439-AB31-99559965C58B}.Release|x64.ActiveCfg = Release|x64
		{31EB47F3-5810-4439-AB31-99559965C58B}.Release|x64.Build.0 = Release|x64
		{31EB47F3-5810-4439-AB31-99559965C58B}.Release|x64.Deploy.0 = Release|x64
		{31EB47F3-5810-4439-AB31-99559965C58B}.Release|x86.ActiveCfg = Release|x86
		{31EB47F3-5810-4439-AB31-99559965C58B}.Release|x86.Build.0 = Release|x86
		{31EB47F3-5810-4439-AB31-99559965C58B}.Release|x86.Deploy.0 = Release|x86
		{5254F40C-CD4C-48F9-9C55-8040F071F1B4}.Debug|ARM.ActiveCfg = Debug|ARM
		{5254F40C-CD4C-48F9-9C55-8040F071F1B4}.Debug|ARM.Build.0 = Debug|ARM
		{5254F40C-CD4C-48F9-9C55-8040F071F1B4}.Debug|x64.ActiveCfg = Debug|x64
		{5254F40C-CD4C-48F9-9C55-8040F071F1B4}.Debug|x64.Build.0 = Debug|x64
		{5254F40C-CD4C-48F9-9C55-8040F071F1B4}.Debug|x86.ActiveCfg = Debug|x86
		{5254F40C-CD4C-48F9-9C55-8040F071F1B4}.Debug|x86.Build.0 = Debug|x86
		{5254F40C-CD4C-48F9-9C55-8040F071F1B4}.Release|ARM.ActiveCfg = Release|ARM
		{5254F40C-CD4C-48F9-9C55-8040F071F1B4}.Release|ARM.Build.0 = Release|ARM
		{5254F40C-CD4C-48F9-9C55-8040F071F1B4}.Release|x64.ActiveCfg = Release|x64
		{5254F40C-CD4C-48F9-9C55-8040F071F1B4}.Release|x64.Build.0 = Release|x64
		{5254F40C-CD4C-48F9-9C55-8040F071F1B4}.Release|x86.ActiveCfg = Release|x86
		{5254F40C-CD4C-48F9-9C55-8040F071F1B4}.Release|x86.Build.0 = Release|x86
		{4C87DC5C-B33B-47D5-B199-EFC20547AA66}.Debug|ARM.ActiveCfg = Debug|ARM
		{4C87DC5C-B33B-47D5-B199-EFC20547AA66}.Debug|ARM.Build.0 = Debug|ARM
		{4C87DC5C-B33B-47D5-B199-EFC20547AA66}.Debug|ARM.Deploy.0 = Debug|ARM
		{4C87DC5C-B33B-47D5-B199-EFC20547AA66}.Debug|x64.ActiveCfg = Debug|x64
		{4C87DC5C-B33B-47D5-B199-EFC20547AA66}.Debug|x64.Build.0 = Debug|x64
		{4C87DC5C-B33B-47D5-B199-EFC20547AA66}.Debug|x64.Deploy.0 = Debug|x64
		{4C87DC5C-B33B-47D5-B199-EFC20547AA66}.Debug|x86.ActiveCfg = Debug|x86
		{4C87DC5C-B33B-47D5-B199-EFC20547AA66}.Debug|x86.Build.0 = Debug|x86
		{4C87DC5C-B33B-47D5-B199-EFC20547AA66}.Debug|x86.Deploy.0 = Debug|x86
		{4C87DC5C-B33B-47D5-B199-EFC20547AA66}.Release|ARM.ActiveCfg = Release|ARM
		{4C87DC5C-B33B-47D5-B199-EFC20547AA66}.Release|ARM.Build.0 = Release|ARM
		{4C87DC5C-B33B-47D5-B199-EFC20547AA66}.Release|ARM.Deploy.0 = Release|ARM
		{4C87DC5C-B33B-47D5-B199-EFC20547AA66}.Release|x64.ActiveCfg = Release|x64
		{4C87DC5C-B33B-47D5-B199-EFC20547AA66}.Release|x64.Build.0 = Release|x64
		{4C87DC5C-B33B-47D5-B199-EFC20547AA66}.Release|x64.Deploy.0 = Release|x64
		{4C87DC5C-B33B-47D5-B199-EFC20547AA66}.Release|x86.ActiveCfg = Release|x86
		{4C87DC5C-B33B-47D5-B199-EFC20547AA66}.Release|x86.Build.0 = Release|x86
		{4C87DC5C-B33B-47D5-B199-EFC20547AA66}.Release|x86.Deploy.0 = Release|x86
		{2783A617-8E1D-40D1-9684-DFAEB8DD5406}.Debug|ARM.ActiveCfg = Debug|ARM
		{2783A617-8E1D-40D1-9684-DFAEB8DD5406}.Debug|ARM.Build.0 = Debug|ARM
		{2783A617-8E1D-40D1-9684-DFAEB8DD5406}.Debug|x64.ActiveCfg = Debug|x64
		{2783A617-8E1D-40D1-9684-DFAEB8DD5406}.Debug|x64.Build.0 = Debug|x64
		{2783A617-8E1D-40D1-9684-DFAEB8DD5406}.Debug|x86.ActiveCfg = Debug|Win32
		{2783A617-8E1D-40D1-9684-DFAEB8DD5406}.Debug|x86.Build.0 = Debug|Win32
		{2783A617-8E1D-40D1-9684-DFAEB8DD5406}.Release|ARM.ActiveCfg = Release|ARM
		{2783A617-8E1D-40D1-9684-DFAEB8DD5406}.Release|ARM.Build.0 = Release|ARM
		{2783A617-8E1D-40D1-9684-DFAEB8DD5406}.Release|x64.ActiveCfg = Release|x64
		{2783A617-8E1D-40D1-9684-DFAEB8DD5406}.Release|x64.Build.0 = Release|x64
		{2783A617-8E1D-40D1-9684-DFAEB8DD5406}.Release|x86.ActiveCfg = Release|Win32
		{2783A617-8E1D-40D1-9684-DFAEB8DD5406}.Release|x86.Build.0 = Release|Win32
		{FD45DF49-67F1-44F7-8A95-EA72EC1BEBF6}.Debug|ARM.ActiveCfg = Debug|ARM
		{FD45DF49-67F1-44F7-8A95-EA72EC1BEBF6}.Debug|ARM.Build.0 = Debug|ARM
		{FD45DF49-67F1-44F7-8A95-EA72EC1BEBF6}.Debug|ARM.Deploy.0 = Debug|ARM
		{FD45DF49-67F1-44F7-8A95-EA72EC1BEBF6}.Debug|x64.ActiveCfg = Debug|x64
		{FD45DF49-67F1-44F7-8A95-EA72EC1BEBF6}.Debug|x64.Build.0 = Debug|x64
		{FD45DF49-67F1-44F7-8A95-EA72EC1BEBF6}.Debug|x64.Deploy.0 = Debug|x64
		{FD45DF49-67F1-44F7-8A95-EA72EC1BEBF6}.Debug|x86.ActiveCfg = Debug|x86
		{FD45DF49-67F1-44F7-8A95-EA72EC1BEBF6}.Debug|x86.Build.0 = Debug|x86
		{FD45DF49-67F1-44F7-8A95-EA72EC1BEBF6}.Debug|x86.Deploy.0 = Debug|x86
		{FD45DF49-67F1-44F7-8A95-EA72EC1BEBF6}.Release|ARM.ActiveCfg = Release|ARM
		{FD45DF49-67F1-44F7-8A95-EA72EC1BEBF6}.Release|ARM.Build.0 = Release|ARM
		{FD45DF49-67F1-44F7-8A95-EA72EC1BEBF6}.Release|ARM.Deploy.0 = Release|ARM
		{FD45DF49-67F1-44F7-8A95-EA72EC1BEBF6}.Release|x64.ActiveCfg = Release|x64
		{FD45DF49-67F1-44F7-8A95-EA72EC1BEBF6}.Release|x64.Build.0 = Release|x64
		{FD45DF49-67F1-44F7-8A95-EA72EC1BEBF6}.Release|x64.Deploy.0 = Release|x64
		{FD45DF49-67F1-44F7-8A95-EA72EC1BEBF6}.Release|x86.ActiveCfg = Release|x86
		{FD45DF49-67F1-44F7-8A95-EA72EC1BEBF6}.Release|x86.Build.0 = Release|x86
		{FD45DF49-67F1-44F7-8A95-EA72EC1BEBF6}.Release|x86.Deploy.0 = Release|x86
		{98B5350D-3B67-4109-9CD5-1A675295C461}.Debug|ARM.ActiveCfg = Debug|ARM
		{98B5350D-3B67-4109-9CD5-1A675295C461}.Debug|ARM.Build.0 = Debug|ARM
		{98B5350D-3B67-4109-9CD5-1A675295C461}.Debug|x64.ActiveCfg = Debug|x64
		{98B5350D-3B67-4109-9CD5-1A675295C461}.Debug|x64.Build.0 = Debug|x64
		{98B5350D-3B67-4109-9CD5-1A675295C461}.Debug|x86.ActiveCfg = Debug|Win32
		{98B5350D-3B67-4109-9CD5-1A675295C461}.Debug|x86.Build.0 = Debug|Win32
		{98B5350D-3B67-4109-9CD5-1A675295C461}.Release|ARM.ActiveCfg = Release|ARM
		{98B5350D-3B67-4109-9CD5-1A675295C461}.Release|ARM.Build.0 = Release|ARM
		{98B5350D-3B67-4109-9CD5-1A675295C461}.Release|x64.ActiveCfg = Release|x64
		{98B5350D-3B67-4109-9CD5-1A675295C461}.Release|x64.Build.0 = Release|x64
		{98B5350D-3B67-4109-9CD5-1A675295C461}.Release|x86.ActiveCfg = Release|Win32
		{98B5350D-3B67-4109-9CD5-1A675295C461}.Release|x86.Build.0 = Release|Win32
		{0184C325-C1DF-4305-B202-324CB0413377}.Debug|ARM.ActiveCfg = Debug|ARM
		{0184C325-C1DF-4305-B202-324CB0413377}.Debug|ARM.Build.0 = Debug|ARM
		{0184C325-C1DF-4305-B202-324CB0413377}.Debug|x64.ActiveCfg = Debug|x64
		{0184C325-C1DF-4305-B202-324CB0413377}.Debug|x64.Build.0 = Debug|x64
		{0184C325-C1DF-4305-B202-324CB0413377}.Debug|x86.ActiveCfg = Debug|Win32
		{0184C325-C1DF-4305-B202-324CB0413377}.Debug|x86.Build.0 = Debug|Win32
		{0184C325-C1DF-4305-B202-324CB0413377}.Release|ARM.ActiveCfg = Release|ARM
		{0184C325-C1DF-4305-B202-324CB0413377}.Release|ARM.Build.0 = Release|ARM
		{0184C325-C1DF-4305-B202-324CB0413377}.Release|x64.ActiveCfg = Release|x64
		{0184C325-C1DF-4305-B202-324CB0413377}.Release|x64.Build.0 = Release|x64
		{0184C325-C1DF-4305-B202-324CB0413377}.Release|x86.ActiveCfg = Release|Win32
		{0184C325-C1DF-4305-B202-324CB0413377}.Release|x86.Build.0 = Release|Win32
		{14882A0F-8926-4837-8E25-06D3F58B1DF8}.Debug|ARM.ActiveCfg = Debug|ARM
		{14882A0F-8926-4837-8E25-06D3F58B1DF8}.Debug|ARM.Build.0 = Debug|ARM
		{14882A0F-8926-4837-8E25-06D3F58B1DF8}.Debug|x64.ActiveCfg = Debug|x64
		{14882A0F-8926-4837-8E25-06D3F58B1DF8}.Debug|x64.Build.0 = Debug|x64
		{14882A0F-8926-4837-8E25-06D3F58B1DF8}.Debug|x86.ActiveCfg = Debug|Win32
		{14882A0F-8926-4837-8E25-06D3F58B1DF8}.Debug|x86.Build.0 = Debug|Win32
		{14882A0F-8926-4837-8E25-06D3F58B1DF8}.Release|ARM.ActiveCfg = Release|ARM
		{14882A0F-8926-4837-8E25-06D3F58B1DF8}.Release|ARM.Build.0 = Release|ARM
		{14882A0F-8926-4837-8E25-06D3F58B1DF8}.Release|x64.ActiveCfg = Release|x64
		{14882A0F-8926-4837-8E25-06D3F58B1DF8}.Release|x64.Build.0 = Release|x64
		{14882A0F-8926-4837-8E25-06D3F58B1DF8}.Release|x86.ActiveCfg = Release|Win32
		{14882A0F-8926-4837-8E25-06D3F58B1DF8}.Release|x86.Build.0 = Release|Win32
	EndGlobalSection
	GlobalSection(SolutionProperties) = preSolution
		HideSolutionNode = FALSE
	EndGlobalSection
	GlobalSection(NestedProjects) = preSolution
		{31EB47F3-5810-4439-AB31-99559965C58B} = {599CB563-97F8-410E-B3C7-DA420CD946CB}
		{5254F40C-CD4C-48F9-9C55-8040F071F1B4} = {599CB563-97F8-410E-B3C7-DA420CD946CB}
		{4C87DC5C-B33B-47D5-B199-EFC20547AA66} = {599CB563-97F8-410E-B3C7-DA420CD946CB}
		{2783A617-8E1D-40D1-9684-DFAEB8DD5406} = {41DD5A6D-DAD2-4209-9DA1-0014DC4D656C}
		{FD45DF49-67F1-44F7-8A95-EA72EC1BEBF6} = {83FFD51B-CD37-4C55-A346-14F32EBD9853}
		{98B5350D-3B67-4109-9CD5-1A675295C461} = {41DD5A6D-DAD2-4209-9DA1-0014DC4D656C}
		{0184C325-C1DF-4305-B202-324CB0413377} = {41DD5A6D-DAD2-4209-9DA1-0014DC4D656C}
		{14882A0F-8926-4837-8E25-06D3F58B1DF8} = {41DD5A6D-DAD2-4209-9DA1-0014DC4D656C}
	EndGlobalSection
EndGlobal
