<?xml version="1.0" encoding="utf-8"?>
<Project ToolsVersion="14.0" xmlns="http://schemas.microsoft.com/developer/msbuild/2003">
  <ItemGroup>
    <Filter Include="Resources">
      <UniqueIdentifier>a5df2f10-5d22-43a6-892d-049aade2fa64</UniqueIdentifier>
      <Extensions>rc;ico;cur;bmp;dlg;rc2;rct;bin;rgs;gif;jpg;jpeg;jpe;resx;tga;tiff;tif;png;wav;mfcribbon-ms</Extensions>
    </Filter>
  </ItemGroup>
  <ItemGroup>
    <ClCompile Include="pch.cpp" />
    <ClCompile Include="AllJoynBusObjectManager.cpp" />
    <ClCompile Include="AllJoynHelpers.cpp" />
    <ClCompile Include="MainInterfaceConsumer.cpp" />
    <ClCompile Include="MainInterfaceProducer.cpp" />
    <ClCompile Include="MainInterfaceServiceEventAdapter.cpp" />
    <ClCompile Include="MainInterfaceServiceEventArgs.cpp" />
    <ClCompile Include="MainInterfaceSignals.cpp" />
    <ClCompile Include="MainInterfaceWatcher.cpp" />
    <ClCompile Include="TypeConversionHelpers.cpp" />
  </ItemGroup>
  <ItemGroup>
    <ClInclude Include="pch.h" />
    <ClInclude Include="AllJoynBusObjectManager.h" />
    <ClInclude Include="AllJoynHelpers.h" />
    <ClInclude Include="IMainInterfaceService.h" />
    <ClInclude Include="MainInterfaceConsumer.h" />
    <ClInclude Include="MainInterfaceEventArgs.h" />
    <ClInclude Include="MainInterfaceMethodResults.h" />
    <ClInclude Include="MainInterfaceProducer.h" />
    <ClInclude Include="MainInterfaceServiceEventAdapter.h" />
    <ClInclude Include="MainInterfaceServiceEventArgs.h" />
    <ClInclude Include="MainInterfaceSignals.h" />
    <ClInclude Include="MainInterfaceStructures.h" />
    <ClInclude Include="MainInterfaceWatcher.h" />
    <ClInclude Include="TypeConversionHelpers.h" />
  </ItemGroup>
</Project>